// !$*UTF8*$!
{
	archiveVersion = 1;
	classes = {
	};
	objectVersion = 50;
	objects = {

/* Begin PBXBuildFile section */
		B25E1B63266E04BE00F0FE38 /* CellForPlanetListTV.swift in Sources */ = {isa = PBXBuildFile; fileRef = B25E1B62266E04BE00F0FE38 /* CellForPlanetListTV.swift */; };
		B25E1B67266E06C800F0FE38 /* PlanetListVC.swift in Sources */ = {isa = PBXBuildFile; fileRef = B25E1B66266E06C800F0FE38 /* PlanetListVC.swift */; };
		B25E1B6A266E0C5000F0FE38 /* PlanetDetailVC.swift in Sources */ = {isa = PBXBuildFile; fileRef = B25E1B69266E0C5000F0FE38 /* PlanetDetailVC.swift */; };
		B25E1B91266E5FDA00F0FE38 /* CellForPlanetDetailTV.swift in Sources */ = {isa = PBXBuildFile; fileRef = B25E1B90266E5FDA00F0FE38 /* CellForPlanetDetailTV.swift */; };
		B25E1B95266E69F600F0FE38 /* People.swift in Sources */ = {isa = PBXBuildFile; fileRef = B25E1B94266E69F600F0FE38 /* People.swift */; };
		B27BE9482670C0940089E98A /* URL+helpers.swift in Sources */ = {isa = PBXBuildFile; fileRef = B27BE9472670C0940089E98A /* URL+helpers.swift */; };
		B299CFD0266A6A83005B04D1 /* AppDelegate.swift in Sources */ = {isa = PBXBuildFile; fileRef = B299CFCF266A6A83005B04D1 /* AppDelegate.swift */; };
		B299CFD2266A6A83005B04D1 /* SceneDelegate.swift in Sources */ = {isa = PBXBuildFile; fileRef = B299CFD1266A6A83005B04D1 /* SceneDelegate.swift */; };
		B299CFD4266A6A83005B04D1 /* ViewController.swift in Sources */ = {isa = PBXBuildFile; fileRef = B299CFD3266A6A83005B04D1 /* ViewController.swift */; };
		B299CFD7266A6A83005B04D1 /* Main.storyboard in Resources */ = {isa = PBXBuildFile; fileRef = B299CFD5266A6A83005B04D1 /* Main.storyboard */; };
		B299CFD9266A6A86005B04D1 /* Assets.xcassets in Resources */ = {isa = PBXBuildFile; fileRef = B299CFD8266A6A86005B04D1 /* Assets.xcassets */; };
		B299CFDC266A6A86005B04D1 /* LaunchScreen.storyboard in Resources */ = {isa = PBXBuildFile; fileRef = B299CFDA266A6A86005B04D1 /* LaunchScreen.storyboard */; };
		B299CFE6266A6AF0005B04D1 /* Planet.swift in Sources */ = {isa = PBXBuildFile; fileRef = B299CFE5266A6AF0005B04D1 /* Planet.swift */; };
		B299CFED266A6C26005B04D1 /* ManageData.swift in Sources */ = {isa = PBXBuildFile; fileRef = B299CFEC266A6C26005B04D1 /* ManageData.swift */; };
		B2D5E1BC266F579700B8CC56 /* Film.swift in Sources */ = {isa = PBXBuildFile; fileRef = B2D5E1BB266F579700B8CC56 /* Film.swift */; };
/* End PBXBuildFile section */

/* Begin PBXFileReference section */
		B25E1B62266E04BE00F0FE38 /* CellForPlanetListTV.swift */ = {isa = PBXFileReference; lastKnownFileType = sourcecode.swift; path = CellForPlanetListTV.swift; sourceTree = "<group>"; };
		B25E1B66266E06C800F0FE38 /* PlanetListVC.swift */ = {isa = PBXFileReference; lastKnownFileType = sourcecode.swift; path = PlanetListVC.swift; sourceTree = "<group>"; };
		B25E1B69266E0C5000F0FE38 /* PlanetDetailVC.swift */ = {isa = PBXFileReference; lastKnownFileType = sourcecode.swift; path = PlanetDetailVC.swift; sourceTree = "<group>"; };
		B25E1B90266E5FDA00F0FE38 /* CellForPlanetDetailTV.swift */ = {isa = PBXFileReference; lastKnownFileType = sourcecode.swift; path = CellForPlanetDetailTV.swift; sourceTree = "<group>"; };
		B25E1B94266E69F600F0FE38 /* People.swift */ = {isa = PBXFileReference; lastKnownFileType = sourcecode.swift; path = People.swift; sourceTree = "<group>"; };
		B27BE9472670C0940089E98A /* URL+helpers.swift */ = {isa = PBXFileReference; lastKnownFileType = sourcecode.swift; path = "URL+helpers.swift"; sourceTree = "<group>"; };
		B299CFCC266A6A83005B04D1 /* StarWarsPlanet.app */ = {isa = PBXFileReference; explicitFileType = wrapper.application; includeInIndex = 0; path = StarWarsPlanet.app; sourceTree = BUILT_PRODUCTS_DIR; };
		B299CFCF266A6A83005B04D1 /* AppDelegate.swift */ = {isa = PBXFileReference; lastKnownFileType = sourcecode.swift; path = AppDelegate.swift; sourceTree = "<group>"; };
		B299CFD1266A6A83005B04D1 /* SceneDelegate.swift */ = {isa = PBXFileReference; lastKnownFileType = sourcecode.swift; path = SceneDelegate.swift; sourceTree = "<group>"; };
		B299CFD3266A6A83005B04D1 /* ViewController.swift */ = {isa = PBXFileReference; lastKnownFileType = sourcecode.swift; path = ViewController.swift; sourceTree = "<group>"; };
		B299CFD6266A6A83005B04D1 /* Base */ = {isa = PBXFileReference; lastKnownFileType = file.storyboard; name = Base; path = Base.lproj/Main.storyboard; sourceTree = "<group>"; };
		B299CFD8266A6A86005B04D1 /* Assets.xcassets */ = {isa = PBXFileReference; lastKnownFileType = folder.assetcatalog; path = Assets.xcassets; sourceTree = "<group>"; };
		B299CFDB266A6A86005B04D1 /* Base */ = {isa = PBXFileReference; lastKnownFileType = file.storyboard; name = Base; path = Base.lproj/LaunchScreen.storyboard; sourceTree = "<group>"; };
		B299CFDD266A6A86005B04D1 /* Info.plist */ = {isa = PBXFileReference; lastKnownFileType = text.plist.xml; path = Info.plist; sourceTree = "<group>"; };
		B299CFE5266A6AF0005B04D1 /* Planet.swift */ = {isa = PBXFileReference; lastKnownFileType = sourcecode.swift; path = Planet.swift; sourceTree = "<group>"; };
		B299CFEC266A6C26005B04D1 /* ManageData.swift */ = {isa = PBXFileReference; lastKnownFileType = sourcecode.swift; path = ManageData.swift; sourceTree = "<group>"; };
		B2D5E1BB266F579700B8CC56 /* Film.swift */ = {isa = PBXFileReference; lastKnownFileType = sourcecode.swift; path = Film.swift; sourceTree = "<group>"; };
/* End PBXFileReference section */

/* Begin PBXFrameworksBuildPhase section */
		B299CFC9266A6A83005B04D1 /* Frameworks */ = {
			isa = PBXFrameworksBuildPhase;
			buildActionMask = 2147483647;
			files = (
			);
			runOnlyForDeploymentPostprocessing = 0;
		};
/* End PBXFrameworksBuildPhase section */

/* Begin PBXGroup section */
		B299CFC3266A6A83005B04D1 = {
			isa = PBXGroup;
			children = (
				B299CFCE266A6A83005B04D1 /* StarWarsPlanet */,
				B299CFCD266A6A83005B04D1 /* Products */,
			);
			sourceTree = "<group>";
		};
		B299CFCD266A6A83005B04D1 /* Products */ = {
			isa = PBXGroup;
			children = (
				B299CFCC266A6A83005B04D1 /* StarWarsPlanet.app */,
			);
			name = Products;
			sourceTree = "<group>";
		};
		B299CFCE266A6A83005B04D1 /* StarWarsPlanet */ = {
			isa = PBXGroup;
			children = (
				B299CFCF266A6A83005B04D1 /* AppDelegate.swift */,
				B299CFD1266A6A83005B04D1 /* SceneDelegate.swift */,
				B299CFEC266A6C26005B04D1 /* ManageData.swift */,
				B27BE9472670C0940089E98A /* URL+helpers.swift */,
				B2D5E1BB266F579700B8CC56 /* Film.swift */,
				B299CFD3266A6A83005B04D1 /* ViewController.swift */,
				B25E1B69266E0C5000F0FE38 /* PlanetDetailVC.swift */,
				B299CFE5266A6AF0005B04D1 /* Planet.swift */,
				B25E1B94266E69F600F0FE38 /* People.swift */,
				B25E1B66266E06C800F0FE38 /* PlanetListVC.swift */,
				B299CFD5266A6A83005B04D1 /* Main.storyboard */,
				B25E1B62266E04BE00F0FE38 /* CellForPlanetListTV.swift */,
				B25E1B90266E5FDA00F0FE38 /* CellForPlanetDetailTV.swift */,
				B299CFD8266A6A86005B04D1 /* Assets.xcassets */,
				B299CFDA266A6A86005B04D1 /* LaunchScreen.storyboard */,
				B299CFDD266A6A86005B04D1 /* Info.plist */,
			);
			path = StarWarsPlanet;
			sourceTree = "<group>";
		};
/* End PBXGroup section */

/* Begin PBXNativeTarget section */
		B299CFCB266A6A83005B04D1 /* StarWarsPlanet */ = {
			isa = PBXNativeTarget;
			buildConfigurationList = B299CFE0266A6A86005B04D1 /* Build configuration list for PBXNativeTarget "StarWarsPlanet" */;
			buildPhases = (
				B299CFC8266A6A83005B04D1 /* Sources */,
				B299CFC9266A6A83005B04D1 /* Frameworks */,
				B299CFCA266A6A83005B04D1 /* Resources */,
			);
			buildRules = (
			);
			dependencies = (
			);
			name = StarWarsPlanet;
			productName = StarWarsPlanet;
			productReference = B299CFCC266A6A83005B04D1 /* StarWarsPlanet.app */;
			productType = "com.apple.product-type.application";
		};
/* End PBXNativeTarget section */

/* Begin PBXProject section */
		B299CFC4266A6A83005B04D1 /* Project object */ = {
			isa = PBXProject;
			attributes = {
				LastSwiftUpdateCheck = 1240;
				LastUpgradeCheck = 1240;
				TargetAttributes = {
					B299CFCB266A6A83005B04D1 = {
						CreatedOnToolsVersion = 12.4;
					};
				};
			};
			buildConfigurationList = B299CFC7266A6A83005B04D1 /* Build configuration list for PBXProject "StarWarsPlanet" */;
			compatibilityVersion = "Xcode 9.3";
			developmentRegion = en;
			hasScannedForEncodings = 0;
			knownRegions = (
				en,
				Base,
			);
			mainGroup = B299CFC3266A6A83005B04D1;
			productRefGroup = B299CFCD266A6A83005B04D1 /* Products */;
			projectDirPath = "";
			projectRoot = "";
			targets = (
				B299CFCB266A6A83005B04D1 /* StarWarsPlanet */,
			);
		};
/* End PBXProject section */

/* Begin PBXResourcesBuildPhase section */
		B299CFCA266A6A83005B04D1 /* Resources */ = {
			isa = PBXResourcesBuildPhase;
			buildActionMask = 2147483647;
			files = (
				B299CFDC266A6A86005B04D1 /* LaunchScreen.storyboard in Resources */,
				B299CFD9266A6A86005B04D1 /* Assets.xcassets in Resources */,
				B299CFD7266A6A83005B04D1 /* Main.storyboard in Resources */,
			);
			runOnlyForDeploymentPostprocessing = 0;
		};
/* End PBXResourcesBuildPhase section */

/* Begin PBXSourcesBuildPhase section */
		B299CFC8266A6A83005B04D1 /* Sources */ = {
			isa = PBXSourcesBuildPhase;
			buildActionMask = 2147483647;
			files = (
				B299CFD4266A6A83005B04D1 /* ViewController.swift in Sources */,
				B25E1B91266E5FDA00F0FE38 /* CellForPlanetDetailTV.swift in Sources */,
				B299CFD0266A6A83005B04D1 /* AppDelegate.swift in Sources */,
				B299CFD2266A6A83005B04D1 /* SceneDelegate.swift in Sources */,
				B25E1B95266E69F600F0FE38 /* People.swift in Sources */,
				B299CFE6266A6AF0005B04D1 /* Planet.swift in Sources */,
				B2D5E1BC266F579700B8CC56 /* Film.swift in Sources */,
				B299CFED266A6C26005B04D1 /* ManageData.swift in Sources */,
				B25E1B63266E04BE00F0FE38 /* CellForPlanetListTV.swift in Sources */,
				B27BE9482670C0940089E98A /* URL+helpers.swift in Sources */,
				B25E1B67266E06C800F0FE38 /* PlanetListVC.swift in Sources */,
				B25E1B6A266E0C5000F0FE38 /* PlanetDetailVC.swift in Sources */,
			);
			runOnlyForDeploymentPostprocessing = 0;
		};
/* End PBXSourcesBuildPhase section */

/* Begin PBXVariantGroup section */
		B299CFD5266A6A83005B04D1 /* Main.storyboard */ = {
			isa = PBXVariantGroup;
			children = (
				B299CFD6266A6A83005B04D1 /* Base */,
			);
			name = Main.storyboard;
			sourceTree = "<group>";
		};
		B299CFDA266A6A86005B04D1 /* LaunchScreen.storyboard */ = {
			isa = PBXVariantGroup;
			children = (
				B299CFDB266A6A86005B04D1 /* Base */,
			);
			name = LaunchScreen.storyboard;
			sourceTree = "<group>";
		};
/* End PBXVariantGroup section */

/* Begin XCBuildConfiguration section */
		B299CFDE266A6A86005B04D1 /* Debug */ = {
			isa = XCBuildConfiguration;
			buildSettings = {
				ALWAYS_SEARCH_USER_PATHS = NO;
				CLANG_ANALYZER_NONNULL = YES;
				CLANG_ANALYZER_NUMBER_OBJECT_CONVERSION = YES_AGGRESSIVE;
				CLANG_CXX_LANGUAGE_STANDARD = "gnu++14";
				CLANG_CXX_LIBRARY = "libc++";
				CLANG_ENABLE_MODULES = YES;
				CLANG_ENABLE_OBJC_ARC = YES;
				CLANG_ENABLE_OBJC_WEAK = YES;
				CLANG_WARN_BLOCK_CAPTURE_AUTORELEASING = YES;
				CLANG_WARN_BOOL_CONVERSION = YES;
				CLANG_WARN_COMMA = YES;
				CLANG_WARN_CONSTANT_CONVERSION = YES;
				CLANG_WARN_DEPRECATED_OBJC_IMPLEMENTATIONS = YES;
				CLANG_WARN_DIRECT_OBJC_ISA_USAGE = YES_ERROR;
				CLANG_WARN_DOCUMENTATION_COMMENTS = YES;
				CLANG_WARN_EMPTY_BODY = YES;
				CLANG_WARN_ENUM_CONVERSION = YES;
				CLANG_WARN_INFINITE_RECURSION = YES;
				CLANG_WARN_INT_CONVERSION = YES;
				CLANG_WARN_NON_LITERAL_NULL_CONVERSION = YES;
				CLANG_WARN_OBJC_IMPLICIT_RETAIN_SELF = YES;
				CLANG_WARN_OBJC_LITERAL_CONVERSION = YES;
				CLANG_WARN_OBJC_ROOT_CLASS = YES_ERROR;
				CLANG_WARN_QUOTED_INCLUDE_IN_FRAMEWORK_HEADER = YES;
				CLANG_WARN_RANGE_LOOP_ANALYSIS = YES;
				CLANG_WARN_STRICT_PROTOTYPES = YES;
				CLANG_WARN_SUSPICIOUS_MOVE = YES;
				CLANG_WARN_UNGUARDED_AVAILABILITY = YES_AGGRESSIVE;
				CLANG_WARN_UNREACHABLE_CODE = YES;
				CLANG_WARN__DUPLICATE_METHOD_MATCH = YES;
				COPY_PHASE_STRIP = NO;
				DEBUG_INFORMATION_FORMAT = dwarf;
				ENABLE_STRICT_OBJC_MSGSEND = YES;
				ENABLE_TESTABILITY = YES;
				GCC_C_LANGUAGE_STANDARD = gnu11;
				GCC_DYNAMIC_NO_PIC = NO;
				GCC_NO_COMMON_BLOCKS = YES;
				GCC_OPTIMIZATION_LEVEL = 0;
				GCC_PREPROCESSOR_DEFINITIONS = (
					"DEBUG=1",
					"$(inherited)",
				);
				GCC_WARN_64_TO_32_BIT_CONVERSION = YES;
				GCC_WARN_ABOUT_RETURN_TYPE = YES_ERROR;
				GCC_WARN_UNDECLARED_SELECTOR = YES;
				GCC_WARN_UNINITIALIZED_AUTOS = YES_AGGRESSIVE;
				GCC_WARN_UNUSED_FUNCTION = YES;
				GCC_WARN_UNUSED_VARIABLE = YES;
				IPHONEOS_DEPLOYMENT_TARGET = 14.4;
				MTL_ENABLE_DEBUG_INFO = INCLUDE_SOURCE;
				MTL_FAST_MATH = YES;
				ONLY_ACTIVE_ARCH = YES;
				SDKROOT = iphoneos;
				SWIFT_ACTIVE_COMPILATION_CONDITIONS = DEBUG;
				SWIFT_OPTIMIZATION_LEVEL = "-Onone";
			};
			name = Debug;
		};
		B299CFDF266A6A86005B04D1 /* Release */ = {
			isa = XCBuildConfiguration;
			buildSettings = {
				ALWAYS_SEARCH_USER_PATHS = NO;
				CLANG_ANALYZER_NONNULL = YES;
				CLANG_ANALYZER_NUMBER_OBJECT_CONVERSION = YES_AGGRESSIVE;
				CLANG_CXX_LANGUAGE_STANDARD = "gnu++14";
				CLANG_CXX_LIBRARY = "libc++";
				CLANG_ENABLE_MODULES = YES;
				CLANG_ENABLE_OBJC_ARC = YES;
				CLANG_ENABLE_OBJC_WEAK = YES;
				CLANG_WARN_BLOCK_CAPTURE_AUTORELEASING = YES;
				CLANG_WARN_BOOL_CONVERSION = YES;
				CLANG_WARN_COMMA = YES;
				CLANG_WARN_CONSTANT_CONVERSION = YES;
				CLANG_WARN_DEPRECATED_OBJC_IMPLEMENTATIONS = YES;
				CLANG_WARN_DIRECT_OBJC_ISA_USAGE = YES_ERROR;
				CLANG_WARN_DOCUMENTATION_COMMENTS = YES;
				CLANG_WARN_EMPTY_BODY = YES;
				CLANG_WARN_ENUM_CONVERSION = YES;
				CLANG_WARN_INFINITE_RECURSION = YES;
				CLANG_WARN_INT_CONVERSION = YES;
				CLANG_WARN_NON_LITERAL_NULL_CONVERSION = YES;
				CLANG_WARN_OBJC_IMPLICIT_RETAIN_SELF = YES;
				CLANG_WARN_OBJC_LITERAL_CONVERSION = YES;
				CLANG_WARN_OBJC_ROOT_CLASS = YES_ERROR;
				CLANG_WARN_QUOTED_INCLUDE_IN_FRAMEWORK_HEADER = YES;
				CLANG_WARN_RANGE_LOOP_ANALYSIS = YES;
				CLANG_WARN_STRICT_PROTOTYPES = YES;
				CLANG_WARN_SUSPICIOUS_MOVE = YES;
				CLANG_WARN_UNGUARDED_AVAILABILITY = YES_AGGRESSIVE;
				CLANG_WARN_UNREACHABLE_CODE = YES;
				CLANG_WARN__DUPLICATE_METHOD_MATCH = YES;
				COPY_PHASE_STRIP = NO;
				DEBUG_INFORMATION_FORMAT = "dwarf-with-dsym";
				ENABLE_NS_ASSERTIONS = NO;
				ENABLE_STRICT_OBJC_MSGSEND = YES;
				GCC_C_LANGUAGE_STANDARD = gnu11;
				GCC_NO_COMMON_BLOCKS = YES;
				GCC_WARN_64_TO_32_BIT_CONVERSION = YES;
				GCC_WARN_ABOUT_RETURN_TYPE = YES_ERROR;
				GCC_WARN_UNDECLARED_SELECTOR = YES;
				GCC_WARN_UNINITIALIZED_AUTOS = YES_AGGRESSIVE;
				GCC_WARN_UNUSED_FUNCTION = YES;
				GCC_WARN_UNUSED_VARIABLE = YES;
				IPHONEOS_DEPLOYMENT_TARGET = 14.4;
				MTL_ENABLE_DEBUG_INFO = NO;
				MTL_FAST_MATH = YES;
				SDKROOT = iphoneos;
				SWIFT_COMPILATION_MODE = wholemodule;
				SWIFT_OPTIMIZATION_LEVEL = "-O";
				VALIDATE_PRODUCT = YES;
			};
			name = Release;
		};
		B299CFE1266A6A86005B04D1 /* Debug */ = {
			isa = XCBuildConfiguration;
			buildSettings = {
				ASSETCATALOG_COMPILER_APPICON_NAME = AppIcon;
				ASSETCATALOG_COMPILER_GLOBAL_ACCENT_COLOR_NAME = AccentColor;
				CODE_SIGN_STYLE = Automatic;
				INFOPLIST_FILE = StarWarsPlanet/Info.plist;
				IPHONEOS_DEPLOYMENT_TARGET = 14.4;
				LD_RUNPATH_SEARCH_PATHS = (
					"$(inherited)",
					"@executable_path/Frameworks",
				);
				PRODUCT_BUNDLE_IDENTIFIER = com.engineering.StarWarsPlanet;
				PRODUCT_NAME = "$(TARGET_NAME)";
				SWIFT_VERSION = 5.0;
				TARGETED_DEVICE_FAMILY = "1,2";
			};
			name = Debug;
		};
		B299CFE2266A6A86005B04D1 /* Release */ = {
			isa = XCBuildConfiguration;
			buildSettings = {
				ASSETCATALOG_COMPILER_APPICON_NAME = AppIcon;
				ASSETCATALOG_COMPILER_GLOBAL_ACCENT_COLOR_NAME = AccentColor;
				CODE_SIGN_STYLE = Automatic;
				INFOPLIST_FILE = StarWarsPlanet/Info.plist;
				IPHONEOS_DEPLOYMENT_TARGET = 14.4;
				LD_RUNPATH_SEARCH_PATHS = (
					"$(inherited)",
					"@executable_path/Frameworks",
				);
				PRODUCT_BUNDLE_IDENTIFIER = com.engineering.StarWarsPlanet;
				PRODUCT_NAME = "$(TARGET_NAME)";
				SWIFT_VERSION = 5.0;
				TARGETED_DEVICE_FAMILY = "1,2";
			};
			name = Release;
		};
/* End XCBuildConfiguration section */

/* Begin XCConfigurationList section */
		B299CFC7266A6A83005B04D1 /* Build configuration list for PBXProject "StarWarsPlanet" */ = {
			isa = XCConfigurationList;
			buildConfigurations = (
				B299CFDE266A6A86005B04D1 /* Debug */,
				B299CFDF266A6A86005B04D1 /* Release */,
			);
			defaultConfigurationIsVisible = 0;
			defaultConfigurationName = Release;
		};
		B299CFE0266A6A86005B04D1 /* Build configuration list for PBXNativeTarget "StarWarsPlanet" */ = {
			isa = XCConfigurationList;
			buildConfigurations = (
				B299CFE1266A6A86005B04D1 /* Debug */,
				B299CFE2266A6A86005B04D1 /* Release */,
			);
			defaultConfigurationIsVisible = 0;
			defaultConfigurationName = Release;
		};
/* End XCConfigurationList section */
	};
	rootObject = B299CFC4266A6A83005B04D1 /* Project object */;
}
