// !$*UTF8*$!
{
	archiveVersion = 1;
	classes = {
	};
	objectVersion = 50;
	objects = {

/* Begin PBXBuildFile section */
		B299CFA3266A57CE005B04D1 /* AppDelegate.swift in Sources */ = {isa = PBXBuildFile; fileRef = B299CFA2266A57CE005B04D1 /* AppDelegate.swift */; };
		B299CFA5266A57CE005B04D1 /* SceneDelegate.swift in Sources */ = {isa = PBXBuildFile; fileRef = B299CFA4266A57CE005B04D1 /* SceneDelegate.swift */; };
		B299CFA7266A57CE005B04D1 /* ViewController.swift in Sources */ = {isa = PBXBuildFile; fileRef = B299CFA6266A57CE005B04D1 /* ViewController.swift */; };
		B299CFAA266A57CE005B04D1 /* Main.storyboard in Resources */ = {isa = PBXBuildFile; fileRef = B299CFA8266A57CE005B04D1 /* Main.storyboard */; };
		B299CFAC266A57D0005B04D1 /* Assets.xcassets in Resources */ = {isa = PBXBuildFile; fileRef = B299CFAB266A57D0005B04D1 /* Assets.xcassets */; };
		B299CFAF266A57D0005B04D1 /* LaunchScreen.storyboard in Resources */ = {isa = PBXBuildFile; fileRef = B299CFAD266A57D0005B04D1 /* LaunchScreen.storyboard */; };
		B299CFB8266A57FD005B04D1 /* countries.txt in Resources */ = {isa = PBXBuildFile; fileRef = B299CFB7266A57FD005B04D1 /* countries.txt */; };
		B299CFBB266A59A0005B04D1 /* CountryModel.swift in Sources */ = {isa = PBXBuildFile; fileRef = B299CFBA266A59A0005B04D1 /* CountryModel.swift */; };
		B299CFBE266A59C5005B04D1 /* CountriesData.swift in Sources */ = {isa = PBXBuildFile; fileRef = B299CFBD266A59C5005B04D1 /* CountriesData.swift */; };
		B299CFC1266A5C9A005B04D1 /* CountryCellTV.swift in Sources */ = {isa = PBXBuildFile; fileRef = B299CFC0266A5C9A005B04D1 /* CountryCellTV.swift */; };
/* End PBXBuildFile section */

/* Begin PBXFileReference section */
		B299CF9F266A57CE005B04D1 /* CountriesApp.app */ = {isa = PBXFileReference; explicitFileType = wrapper.application; includeInIndex = 0; path = CountriesApp.app; sourceTree = BUILT_PRODUCTS_DIR; };
		B299CFA2266A57CE005B04D1 /* AppDelegate.swift */ = {isa = PBXFileReference; lastKnownFileType = sourcecode.swift; path = AppDelegate.swift; sourceTree = "<group>"; };
		B299CFA4266A57CE005B04D1 /* SceneDelegate.swift */ = {isa = PBXFileReference; lastKnownFileType = sourcecode.swift; path = SceneDelegate.swift; sourceTree = "<group>"; };
		B299CFA6266A57CE005B04D1 /* ViewController.swift */ = {isa = PBXFileReference; lastKnownFileType = sourcecode.swift; path = ViewController.swift; sourceTree = "<group>"; };
		B299CFA9266A57CE005B04D1 /* Base */ = {isa = PBXFileReference; lastKnownFileType = file.storyboard; name = Base; path = Base.lproj/Main.storyboard; sourceTree = "<group>"; };
		B299CFAB266A57D0005B04D1 /* Assets.xcassets */ = {isa = PBXFileReference; lastKnownFileType = folder.assetcatalog; path = Assets.xcassets; sourceTree = "<group>"; };
		B299CFAE266A57D0005B04D1 /* Base */ = {isa = PBXFileReference; lastKnownFileType = file.storyboard; name = Base; path = Base.lproj/LaunchScreen.storyboard; sourceTree = "<group>"; };
		B299CFB0266A57D0005B04D1 /* Info.plist */ = {isa = PBXFileReference; lastKnownFileType = text.plist.xml; path = Info.plist; sourceTree = "<group>"; };
		B299CFB7266A57FD005B04D1 /* countries.txt */ = {isa = PBXFileReference; fileEncoding = 4; lastKnownFileType = text; path = countries.txt; sourceTree = "<group>"; };
		B299CFBA266A59A0005B04D1 /* CountryModel.swift */ = {isa = PBXFileReference; lastKnownFileType = sourcecode.swift; path = CountryModel.swift; sourceTree = "<group>"; };
		B299CFBD266A59C5005B04D1 /* CountriesData.swift */ = {isa = PBXFileReference; lastKnownFileType = sourcecode.swift; path = CountriesData.swift; sourceTree = "<group>"; };
		B299CFC0266A5C9A005B04D1 /* CountryCellTV.swift */ = {isa = PBXFileReference; lastKnownFileType = sourcecode.swift; path = CountryCellTV.swift; sourceTree = "<group>"; };
/* End PBXFileReference section */

/* Begin PBXFrameworksBuildPhase section */
		B299CF9C266A57CE005B04D1 /* Frameworks */ = {
			isa = PBXFrameworksBuildPhase;
			buildActionMask = 2147483647;
			files = (
			);
			runOnlyForDeploymentPostprocessing = 0;
		};
/* End PBXFrameworksBuildPhase section */

/* Begin PBXGroup section */
		B299CF96266A57CE005B04D1 = {
			isa = PBXGroup;
			children = (
				B299CFA1266A57CE005B04D1 /* CountriesApp */,
				B299CFA0266A57CE005B04D1 /* Products */,
			);
			sourceTree = "<group>";
		};
		B299CFA0266A57CE005B04D1 /* Products */ = {
			isa = PBXGroup;
			children = (
				B299CF9F266A57CE005B04D1 /* CountriesApp.app */,
			);
			name = Products;
			sourceTree = "<group>";
		};
		B299CFA1266A57CE005B04D1 /* CountriesApp */ = {
			isa = PBXGroup;
			children = (
				B299CFA2266A57CE005B04D1 /* AppDelegate.swift */,
				B299CFA4266A57CE005B04D1 /* SceneDelegate.swift */,
				B299CFA6266A57CE005B04D1 /* ViewController.swift */,
				B299CFBA266A59A0005B04D1 /* CountryModel.swift */,
				B299CFBD266A59C5005B04D1 /* CountriesData.swift */,
				B299CFA8266A57CE005B04D1 /* Main.storyboard */,
				B299CFC0266A5C9A005B04D1 /* CountryCellTV.swift */,
				B299CFAB266A57D0005B04D1 /* Assets.xcassets */,
				B299CFAD266A57D0005B04D1 /* LaunchScreen.storyboard */,
				B299CFB0266A57D0005B04D1 /* Info.plist */,
				B299CFB7266A57FD005B04D1 /* countries.txt */,
			);
			path = CountriesApp;
			sourceTree = "<group>";
		};
/* End PBXGroup section */

/* Begin PBXNativeTarget section */
		B299CF9E266A57CE005B04D1 /* CountriesApp */ = {
			isa = PBXNativeTarget;
			buildConfigurationList = B299CFB3266A57D0005B04D1 /* Build configuration list for PBXNativeTarget "CountriesApp" */;
			buildPhases = (
				B299CF9B266A57CE005B04D1 /* Sources */,
				B299CF9C266A57CE005B04D1 /* Frameworks */,
				B299CF9D266A57CE005B04D1 /* Resources */,
			);
			buildRules = (
			);
			dependencies = (
			);
			name = CountriesApp;
			productName = CountriesApp;
			productReference = B299CF9F266A57CE005B04D1 /* CountriesApp.app */;
			productType = "com.apple.product-type.application";
		};
/* End PBXNativeTarget section */

/* Begin PBXProject section */
		B299CF97266A57CE005B04D1 /* Project object */ = {
			isa = PBXProject;
			attributes = {
				LastSwiftUpdateCheck = 1240;
				LastUpgradeCheck = 1240;
				TargetAttributes = {
					B299CF9E266A57CE005B04D1 = {
						CreatedOnToolsVersion = 12.4;
					};
				};
			};
			buildConfigurationList = B299CF9A266A57CE005B04D1 /* Build configuration list for PBXProject "CountriesApp" */;
			compatibilityVersion = "Xcode 9.3";
			developmentRegion = en;
			hasScannedForEncodings = 0;
			knownRegions = (
				en,
				Base,
			);
			mainGroup = B299CF96266A57CE005B04D1;
			productRefGroup = B299CFA0266A57CE005B04D1 /* Products */;
			projectDirPath = "";
			projectRoot = "";
			targets = (
				B299CF9E266A57CE005B04D1 /* CountriesApp */,
			);
		};
/* End PBXProject section */

/* Begin PBXResourcesBuildPhase section */
		B299CF9D266A57CE005B04D1 /* Resources */ = {
			isa = PBXResourcesBuildPhase;
			buildActionMask = 2147483647;
			files = (
				B299CFAF266A57D0005B04D1 /* LaunchScreen.storyboard in Resources */,
				B299CFAC266A57D0005B04D1 /* Assets.xcassets in Resources */,
				B299CFAA266A57CE005B04D1 /* Main.storyboard in Resources */,
				B299CFB8266A57FD005B04D1 /* countries.txt in Resources */,
			);
			runOnlyForDeploymentPostprocessing = 0;
		};
/* End PBXResourcesBuildPhase section */

/* Begin PBXSourcesBuildPhase section */
		B299CF9B266A57CE005B04D1 /* Sources */ = {
			isa = PBXSourcesBuildPhase;
			buildActionMask = 2147483647;
			files = (
				B299CFA7266A57CE005B04D1 /* ViewController.swift in Sources */,
				B299CFA3266A57CE005B04D1 /* AppDelegate.swift in Sources */,
				B299CFC1266A5C9A005B04D1 /* CountryCellTV.swift in Sources */,
				B299CFBB266A59A0005B04D1 /* CountryModel.swift in Sources */,
				B299CFA5266A57CE005B04D1 /* SceneDelegate.swift in Sources */,
				B299CFBE266A59C5005B04D1 /* CountriesData.swift in Sources */,
			);
			runOnlyForDeploymentPostprocessing = 0;
		};
/* End PBXSourcesBuildPhase section */

/* Begin PBXVariantGroup section */
		B299CFA8266A57CE005B04D1 /* Main.storyboard */ = {
			isa = PBXVariantGroup;
			children = (
				B299CFA9266A57CE005B04D1 /* Base */,
			);
			name = Main.storyboard;
			sourceTree = "<group>";
		};
		B299CFAD266A57D0005B04D1 /* LaunchScreen.storyboard */ = {
			isa = PBXVariantGroup;
			children = (
				B299CFAE266A57D0005B04D1 /* Base */,
			);
			name = LaunchScreen.storyboard;
			sourceTree = "<group>";
		};
/* End PBXVariantGroup section */

/* Begin XCBuildConfiguration section */
		B299CFB1266A57D0005B04D1 /* Debug */ = {
			isa = XCBuildConfiguration;
			buildSettings = {
				ALWAYS_SEARCH_USER_PATHS = NO;
				CLANG_ANALYZER_NONNULL = YES;
				CLANG_ANALYZER_NUMBER_OBJECT_CONVERSION = YES_AGGRESSIVE;
				CLANG_CXX_LANGUAGE_STANDARD = "gnu++14";
				CLANG_CXX_LIBRARY = "libc++";
				CLANG_ENABLE_MODULES = YES;
				CLANG_ENABLE_OBJC_ARC = YES;
				CLANG_ENABLE_OBJC_WEAK = YES;
				CLANG_WARN_BLOCK_CAPTURE_AUTORELEASING = YES;
				CLANG_WARN_BOOL_CONVERSION = YES;
				CLANG_WARN_COMMA = YES;
				CLANG_WARN_CONSTANT_CONVERSION = YES;
				CLANG_WARN_DEPRECATED_OBJC_IMPLEMENTATIONS = YES;
				CLANG_WARN_DIRECT_OBJC_ISA_USAGE = YES_ERROR;
				CLANG_WARN_DOCUMENTATION_COMMENTS = YES;
				CLANG_WARN_EMPTY_BODY = YES;
				CLANG_WARN_ENUM_CONVERSION = YES;
				CLANG_WARN_INFINITE_RECURSION = YES;
				CLANG_WARN_INT_CONVERSION = YES;
				CLANG_WARN_NON_LITERAL_NULL_CONVERSION = YES;
				CLANG_WARN_OBJC_IMPLICIT_RETAIN_SELF = YES;
				CLANG_WARN_OBJC_LITERAL_CONVERSION = YES;
				CLANG_WARN_OBJC_ROOT_CLASS = YES_ERROR;
				CLANG_WARN_QUOTED_INCLUDE_IN_FRAMEWORK_HEADER = YES;
				CLANG_WARN_RANGE_LOOP_ANALYSIS = YES;
				CLANG_WARN_STRICT_PROTOTYPES = YES;
				CLANG_WARN_SUSPICIOUS_MOVE = YES;
				CLANG_WARN_UNGUARDED_AVAILABILITY = YES_AGGRESSIVE;
				CLANG_WARN_UNREACHABLE_CODE = YES;
				CLANG_WARN__DUPLICATE_METHOD_MATCH = YES;
				COPY_PHASE_STRIP = NO;
				DEBUG_INFORMATION_FORMAT = dwarf;
				ENABLE_STRICT_OBJC_MSGSEND = YES;
				ENABLE_TESTABILITY = YES;
				GCC_C_LANGUAGE_STANDARD = gnu11;
				GCC_DYNAMIC_NO_PIC = NO;
				GCC_NO_COMMON_BLOCKS = YES;
				GCC_OPTIMIZATION_LEVEL = 0;
				GCC_PREPROCESSOR_DEFINITIONS = (
					"DEBUG=1",
					"$(inherited)",
				);
				GCC_WARN_64_TO_32_BIT_CONVERSION = YES;
				GCC_WARN_ABOUT_RETURN_TYPE = YES_ERROR;
				GCC_WARN_UNDECLARED_SELECTOR = YES;
				GCC_WARN_UNINITIALIZED_AUTOS = YES_AGGRESSIVE;
				GCC_WARN_UNUSED_FUNCTION = YES;
				GCC_WARN_UNUSED_VARIABLE = YES;
				IPHONEOS_DEPLOYMENT_TARGET = 14.4;
				MTL_ENABLE_DEBUG_INFO = INCLUDE_SOURCE;
				MTL_FAST_MATH = YES;
				ONLY_ACTIVE_ARCH = YES;
				SDKROOT = iphoneos;
				SWIFT_ACTIVE_COMPILATION_CONDITIONS = DEBUG;
				SWIFT_OPTIMIZATION_LEVEL = "-Onone";
			};
			name = Debug;
		};
		B299CFB2266A57D0005B04D1 /* Release */ = {
			isa = XCBuildConfiguration;
			buildSettings = {
				ALWAYS_SEARCH_USER_PATHS = NO;
				CLANG_ANALYZER_NONNULL = YES;
				CLANG_ANALYZER_NUMBER_OBJECT_CONVERSION = YES_AGGRESSIVE;
				CLANG_CXX_LANGUAGE_STANDARD = "gnu++14";
				CLANG_CXX_LIBRARY = "libc++";
				CLANG_ENABLE_MODULES = YES;
				CLANG_ENABLE_OBJC_ARC = YES;
				CLANG_ENABLE_OBJC_WEAK = YES;
				CLANG_WARN_BLOCK_CAPTURE_AUTORELEASING = YES;
				CLANG_WARN_BOOL_CONVERSION = YES;
				CLANG_WARN_COMMA = YES;
				CLANG_WARN_CONSTANT_CONVERSION = YES;
				CLANG_WARN_DEPRECATED_OBJC_IMPLEMENTATIONS = YES;
				CLANG_WARN_DIRECT_OBJC_ISA_USAGE = YES_ERROR;
				CLANG_WARN_DOCUMENTATION_COMMENTS = YES;
				CLANG_WARN_EMPTY_BODY = YES;
				CLANG_WARN_ENUM_CONVERSION = YES;
				CLANG_WARN_INFINITE_RECURSION = YES;
				CLANG_WARN_INT_CONVERSION = YES;
				CLANG_WARN_NON_LITERAL_NULL_CONVERSION = YES;
				CLANG_WARN_OBJC_IMPLICIT_RETAIN_SELF = YES;
				CLANG_WARN_OBJC_LITERAL_CONVERSION = YES;
				CLANG_WARN_OBJC_ROOT_CLASS = YES_ERROR;
				CLANG_WARN_QUOTED_INCLUDE_IN_FRAMEWORK_HEADER = YES;
				CLANG_WARN_RANGE_LOOP_ANALYSIS = YES;
				CLANG_WARN_STRICT_PROTOTYPES = YES;
				CLANG_WARN_SUSPICIOUS_MOVE = YES;
				CLANG_WARN_UNGUARDED_AVAILABILITY = YES_AGGRESSIVE;
				CLANG_WARN_UNREACHABLE_CODE = YES;
				CLANG_WARN__DUPLICATE_METHOD_MATCH = YES;
				COPY_PHASE_STRIP = NO;
				DEBUG_INFORMATION_FORMAT = "dwarf-with-dsym";
				ENABLE_NS_ASSERTIONS = NO;
				ENABLE_STRICT_OBJC_MSGSEND = YES;
				GCC_C_LANGUAGE_STANDARD = gnu11;
				GCC_NO_COMMON_BLOCKS = YES;
				GCC_WARN_64_TO_32_BIT_CONVERSION = YES;
				GCC_WARN_ABOUT_RETURN_TYPE = YES_ERROR;
				GCC_WARN_UNDECLARED_SELECTOR = YES;
				GCC_WARN_UNINITIALIZED_AUTOS = YES_AGGRESSIVE;
				GCC_WARN_UNUSED_FUNCTION = YES;
				GCC_WARN_UNUSED_VARIABLE = YES;
				IPHONEOS_DEPLOYMENT_TARGET = 14.4;
				MTL_ENABLE_DEBUG_INFO = NO;
				MTL_FAST_MATH = YES;
				SDKROOT = iphoneos;
				SWIFT_COMPILATION_MODE = wholemodule;
				SWIFT_OPTIMIZATION_LEVEL = "-O";
				VALIDATE_PRODUCT = YES;
			};
			name = Release;
		};
		B299CFB4266A57D0005B04D1 /* Debug */ = {
			isa = XCBuildConfiguration;
			buildSettings = {
				ASSETCATALOG_COMPILER_APPICON_NAME = AppIcon;
				ASSETCATALOG_COMPILER_GLOBAL_ACCENT_COLOR_NAME = AccentColor;
				CODE_SIGN_STYLE = Automatic;
				INFOPLIST_FILE = CountriesApp/Info.plist;
				LD_RUNPATH_SEARCH_PATHS = (
					"$(inherited)",
					"@executable_path/Frameworks",
				);
				PRODUCT_BUNDLE_IDENTIFIER = com.engineering.CountriesApp;
				PRODUCT_NAME = "$(TARGET_NAME)";
				SWIFT_VERSION = 5.0;
				TARGETED_DEVICE_FAMILY = "1,2";
			};
			name = Debug;
		};
		B299CFB5266A57D0005B04D1 /* Release */ = {
			isa = XCBuildConfiguration;
			buildSettings = {
				ASSETCATALOG_COMPILER_APPICON_NAME = AppIcon;
				ASSETCATALOG_COMPILER_GLOBAL_ACCENT_COLOR_NAME = AccentColor;
				CODE_SIGN_STYLE = Automatic;
				INFOPLIST_FILE = CountriesApp/Info.plist;
				LD_RUNPATH_SEARCH_PATHS = (
					"$(inherited)",
					"@executable_path/Frameworks",
				);
				PRODUCT_BUNDLE_IDENTIFIER = com.engineering.CountriesApp;
				PRODUCT_NAME = "$(TARGET_NAME)";
				SWIFT_VERSION = 5.0;
				TARGETED_DEVICE_FAMILY = "1,2";
			};
			name = Release;
		};
/* End XCBuildConfiguration section */

/* Begin XCConfigurationList section */
		B299CF9A266A57CE005B04D1 /* Build configuration list for PBXProject "CountriesApp" */ = {
			isa = XCConfigurationList;
			buildConfigurations = (
				B299CFB1266A57D0005B04D1 /* Debug */,
				B299CFB2266A57D0005B04D1 /* Release */,
			);
			defaultConfigurationIsVisible = 0;
			defaultConfigurationName = Release;
		};
		B299CFB3266A57D0005B04D1 /* Build configuration list for PBXNativeTarget "CountriesApp" */ = {
			isa = XCConfigurationList;
			buildConfigurations = (
				B299CFB4266A57D0005B04D1 /* Debug */,
				B299CFB5266A57D0005B04D1 /* Release */,
			);
			defaultConfigurationIsVisible = 0;
			defaultConfigurationName = Release;
		};
/* End XCConfigurationList section */
	};
	rootObject = B299CF97266A57CE005B04D1 /* Project object */;
}
