// !$*UTF8*$!
{
	archiveVersion = 1;
	classes = {
	};
	objectVersion = 50;
	objects = {

/* Begin PBXBuildFile section */
		B2C3C96F26A952BF0055DF89 /* LoginViewController.swift in Sources */ = {isa = PBXBuildFile; fileRef = B2C3C96E26A952BF0055DF89 /* LoginViewController.swift */; };
		B2C3C97126A952CF0055DF89 /* RegisterViewController.swift in Sources */ = {isa = PBXBuildFile; fileRef = B2C3C97026A952CF0055DF89 /* RegisterViewController.swift */; };
		B2C3C97426A952F60055DF89 /* PhotoViewerViewController.swift in Sources */ = {isa = PBXBuildFile; fileRef = B2C3C97326A952F60055DF89 /* PhotoViewerViewController.swift */; };
		B2C3C97626A953090055DF89 /* VideoPlayerViewController.swift in Sources */ = {isa = PBXBuildFile; fileRef = B2C3C97526A953090055DF89 /* VideoPlayerViewController.swift */; };
		B2C3C97826A953300055DF89 /* NewConversationViewController.swift in Sources */ = {isa = PBXBuildFile; fileRef = B2C3C97726A953300055DF89 /* NewConversationViewController.swift */; };
		B2C3C97A26A953410055DF89 /* ProfileViewController.swift in Sources */ = {isa = PBXBuildFile; fileRef = B2C3C97926A953410055DF89 /* ProfileViewController.swift */; };
		B2DAC69B26A875F300707434 /* AppDelegate.swift in Sources */ = {isa = PBXBuildFile; fileRef = B2DAC69A26A875F300707434 /* AppDelegate.swift */; };
		B2DAC69D26A875F300707434 /* SceneDelegate.swift in Sources */ = {isa = PBXBuildFile; fileRef = B2DAC69C26A875F300707434 /* SceneDelegate.swift */; };
		B2DAC69F26A875F300707434 /* ConversationsViewController.swift in Sources */ = {isa = PBXBuildFile; fileRef = B2DAC69E26A875F300707434 /* ConversationsViewController.swift */; };
		B2DAC6A226A875F300707434 /* Main.storyboard in Resources */ = {isa = PBXBuildFile; fileRef = B2DAC6A026A875F300707434 /* Main.storyboard */; };
		B2DAC6A426A875F300707434 /* Assets.xcassets in Resources */ = {isa = PBXBuildFile; fileRef = B2DAC6A326A875F300707434 /* Assets.xcassets */; };
		B2DAC6A726A875F300707434 /* LaunchScreen.storyboard in Resources */ = {isa = PBXBuildFile; fileRef = B2DAC6A526A875F300707434 /* LaunchScreen.storyboard */; };
/* End PBXBuildFile section */

/* Begin PBXFileReference section */
		B2C3C96E26A952BF0055DF89 /* LoginViewController.swift */ = {isa = PBXFileReference; lastKnownFileType = sourcecode.swift; path = LoginViewController.swift; sourceTree = "<group>"; };
		B2C3C97026A952CF0055DF89 /* RegisterViewController.swift */ = {isa = PBXFileReference; lastKnownFileType = sourcecode.swift; path = RegisterViewController.swift; sourceTree = "<group>"; };
		B2C3C97326A952F60055DF89 /* PhotoViewerViewController.swift */ = {isa = PBXFileReference; lastKnownFileType = sourcecode.swift; path = PhotoViewerViewController.swift; sourceTree = "<group>"; };
		B2C3C97526A953090055DF89 /* VideoPlayerViewController.swift */ = {isa = PBXFileReference; lastKnownFileType = sourcecode.swift; path = VideoPlayerViewController.swift; sourceTree = "<group>"; };
		B2C3C97726A953300055DF89 /* NewConversationViewController.swift */ = {isa = PBXFileReference; lastKnownFileType = sourcecode.swift; path = NewConversationViewController.swift; sourceTree = "<group>"; };
		B2C3C97926A953410055DF89 /* ProfileViewController.swift */ = {isa = PBXFileReference; lastKnownFileType = sourcecode.swift; path = ProfileViewController.swift; sourceTree = "<group>"; };
		B2DAC69726A875F300707434 /* MessangerChat.app */ = {isa = PBXFileReference; explicitFileType = wrapper.application; includeInIndex = 0; path = MessangerChat.app; sourceTree = BUILT_PRODUCTS_DIR; };
		B2DAC69A26A875F300707434 /* AppDelegate.swift */ = {isa = PBXFileReference; lastKnownFileType = sourcecode.swift; path = AppDelegate.swift; sourceTree = "<group>"; };
		B2DAC69C26A875F300707434 /* SceneDelegate.swift */ = {isa = PBXFileReference; lastKnownFileType = sourcecode.swift; path = SceneDelegate.swift; sourceTree = "<group>"; };
		B2DAC69E26A875F300707434 /* ConversationsViewController.swift */ = {isa = PBXFileReference; lastKnownFileType = sourcecode.swift; path = ConversationsViewController.swift; sourceTree = "<group>"; };
		B2DAC6A126A875F300707434 /* Base */ = {isa = PBXFileReference; lastKnownFileType = file.storyboard; name = Base; path = Base.lproj/Main.storyboard; sourceTree = "<group>"; };
		B2DAC6A326A875F300707434 /* Assets.xcassets */ = {isa = PBXFileReference; lastKnownFileType = folder.assetcatalog; path = Assets.xcassets; sourceTree = "<group>"; };
		B2DAC6A626A875F300707434 /* Base */ = {isa = PBXFileReference; lastKnownFileType = file.storyboard; name = Base; path = Base.lproj/LaunchScreen.storyboard; sourceTree = "<group>"; };
		B2DAC6A826A875F300707434 /* Info.plist */ = {isa = PBXFileReference; lastKnownFileType = text.plist.xml; path = Info.plist; sourceTree = "<group>"; };
/* End PBXFileReference section */

/* Begin PBXFrameworksBuildPhase section */
		B2DAC69426A875F200707434 /* Frameworks */ = {
			isa = PBXFrameworksBuildPhase;
			buildActionMask = 2147483647;
			files = (
			);
			runOnlyForDeploymentPostprocessing = 0;
		};
/* End PBXFrameworksBuildPhase section */

/* Begin PBXGroup section */
		B2C3C96826A9519C0055DF89 /* Controllers */ = {
			isa = PBXGroup;
			children = (
				B2DAC69E26A875F300707434 /* ConversationsViewController.swift */,
				B2C3C96E26A952BF0055DF89 /* LoginViewController.swift */,
				B2C3C97026A952CF0055DF89 /* RegisterViewController.swift */,
				B2C3C97326A952F60055DF89 /* PhotoViewerViewController.swift */,
				B2C3C97526A953090055DF89 /* VideoPlayerViewController.swift */,
				B2C3C97726A953300055DF89 /* NewConversationViewController.swift */,
				B2C3C97926A953410055DF89 /* ProfileViewController.swift */,
			);
			path = Controllers;
			sourceTree = "<group>";
		};
		B2C3C96926A951A20055DF89 /* Views */ = {
			isa = PBXGroup;
			children = (
				B2C3C96D26A951E90055DF89 /* Storyboards */,
				B2DAC6A326A875F300707434 /* Assets.xcassets */,
			);
			path = Views;
			sourceTree = "<group>";
		};
		B2C3C96A26A951AD0055DF89 /* Models */ = {
			isa = PBXGroup;
			children = (
			);
			path = Models;
			sourceTree = "<group>";
		};
		B2C3C96B26A951B10055DF89 /* ViewModels */ = {
			isa = PBXGroup;
			children = (
			);
			path = ViewModels;
			sourceTree = "<group>";
		};
		B2C3C96C26A951BD0055DF89 /* Resources */ = {
			isa = PBXGroup;
			children = (
				B2DAC69A26A875F300707434 /* AppDelegate.swift */,
				B2DAC69C26A875F300707434 /* SceneDelegate.swift */,
			);
			path = Resources;
			sourceTree = "<group>";
		};
		B2C3C96D26A951E90055DF89 /* Storyboards */ = {
			isa = PBXGroup;
			children = (
				B2DAC6A026A875F300707434 /* Main.storyboard */,
				B2DAC6A526A875F300707434 /* LaunchScreen.storyboard */,
			);
			path = Storyboards;
			sourceTree = "<group>";
		};
		B2DAC68E26A875F200707434 = {
			isa = PBXGroup;
			children = (
				B2DAC69926A875F300707434 /* MessangerChat */,
				B2DAC69826A875F300707434 /* Products */,
			);
			sourceTree = "<group>";
		};
		B2DAC69826A875F300707434 /* Products */ = {
			isa = PBXGroup;
			children = (
				B2DAC69726A875F300707434 /* MessangerChat.app */,
			);
			name = Products;
			sourceTree = "<group>";
		};
		B2DAC69926A875F300707434 /* MessangerChat */ = {
			isa = PBXGroup;
			children = (
				B2C3C96C26A951BD0055DF89 /* Resources */,
				B2C3C96B26A951B10055DF89 /* ViewModels */,
				B2C3C96A26A951AD0055DF89 /* Models */,
				B2C3C96926A951A20055DF89 /* Views */,
				B2C3C96826A9519C0055DF89 /* Controllers */,
				B2DAC6A826A875F300707434 /* Info.plist */,
			);
			path = MessangerChat;
			sourceTree = "<group>";
		};
/* End PBXGroup section */

/* Begin PBXNativeTarget section */
		B2DAC69626A875F200707434 /* MessangerChat */ = {
			isa = PBXNativeTarget;
			buildConfigurationList = B2DAC6AB26A875F300707434 /* Build configuration list for PBXNativeTarget "MessangerChat" */;
			buildPhases = (
				B2DAC69326A875F200707434 /* Sources */,
				B2DAC69426A875F200707434 /* Frameworks */,
				B2DAC69526A875F200707434 /* Resources */,
			);
			buildRules = (
			);
			dependencies = (
			);
			name = MessangerChat;
			productName = MessangerChat;
			productReference = B2DAC69726A875F300707434 /* MessangerChat.app */;
			productType = "com.apple.product-type.application";
		};
/* End PBXNativeTarget section */

/* Begin PBXProject section */
		B2DAC68F26A875F200707434 /* Project object */ = {
			isa = PBXProject;
			attributes = {
				LastSwiftUpdateCheck = 1250;
				LastUpgradeCheck = 1250;
				TargetAttributes = {
					B2DAC69626A875F200707434 = {
						CreatedOnToolsVersion = 12.5.1;
					};
				};
			};
			buildConfigurationList = B2DAC69226A875F200707434 /* Build configuration list for PBXProject "MessangerChat" */;
			compatibilityVersion = "Xcode 9.3";
			developmentRegion = en;
			hasScannedForEncodings = 0;
			knownRegions = (
				en,
				Base,
			);
			mainGroup = B2DAC68E26A875F200707434;
			productRefGroup = B2DAC69826A875F300707434 /* Products */;
			projectDirPath = "";
			projectRoot = "";
			targets = (
				B2DAC69626A875F200707434 /* MessangerChat */,
			);
		};
/* End PBXProject section */

/* Begin PBXResourcesBuildPhase section */
		B2DAC69526A875F200707434 /* Resources */ = {
			isa = PBXResourcesBuildPhase;
			buildActionMask = 2147483647;
			files = (
				B2DAC6A726A875F300707434 /* LaunchScreen.storyboard in Resources */,
				B2DAC6A426A875F300707434 /* Assets.xcassets in Resources */,
				B2DAC6A226A875F300707434 /* Main.storyboard in Resources */,
			);
			runOnlyForDeploymentPostprocessing = 0;
		};
/* End PBXResourcesBuildPhase section */

/* Begin PBXSourcesBuildPhase section */
		B2DAC69326A875F200707434 /* Sources */ = {
			isa = PBXSourcesBuildPhase;
			buildActionMask = 2147483647;
			files = (
				B2C3C96F26A952BF0055DF89 /* LoginViewController.swift in Sources */,
				B2C3C97126A952CF0055DF89 /* RegisterViewController.swift in Sources */,
				B2C3C97826A953300055DF89 /* NewConversationViewController.swift in Sources */,
				B2DAC69F26A875F300707434 /* ConversationsViewController.swift in Sources */,
				B2C3C97626A953090055DF89 /* VideoPlayerViewController.swift in Sources */,
				B2DAC69B26A875F300707434 /* AppDelegate.swift in Sources */,
				B2C3C97A26A953410055DF89 /* ProfileViewController.swift in Sources */,
				B2DAC69D26A875F300707434 /* SceneDelegate.swift in Sources */,
				B2C3C97426A952F60055DF89 /* PhotoViewerViewController.swift in Sources */,
			);
			runOnlyForDeploymentPostprocessing = 0;
		};
/* End PBXSourcesBuildPhase section */

/* Begin PBXVariantGroup section */
		B2DAC6A026A875F300707434 /* Main.storyboard */ = {
			isa = PBXVariantGroup;
			children = (
				B2DAC6A126A875F300707434 /* Base */,
			);
			name = Main.storyboard;
			sourceTree = "<group>";
		};
		B2DAC6A526A875F300707434 /* LaunchScreen.storyboard */ = {
			isa = PBXVariantGroup;
			children = (
				B2DAC6A626A875F300707434 /* Base */,
			);
			name = LaunchScreen.storyboard;
			sourceTree = "<group>";
		};
/* End PBXVariantGroup section */

/* Begin XCBuildConfiguration section */
		B2DAC6A926A875F300707434 /* Debug */ = {
			isa = XCBuildConfiguration;
			buildSettings = {
				ALWAYS_SEARCH_USER_PATHS = NO;
				CLANG_ANALYZER_NONNULL = YES;
				CLANG_ANALYZER_NUMBER_OBJECT_CONVERSION = YES_AGGRESSIVE;
				CLANG_CXX_LANGUAGE_STANDARD = "gnu++14";
				CLANG_CXX_LIBRARY = "libc++";
				CLANG_ENABLE_MODULES = YES;
				CLANG_ENABLE_OBJC_ARC = YES;
				CLANG_ENABLE_OBJC_WEAK = YES;
				CLANG_WARN_BLOCK_CAPTURE_AUTORELEASING = YES;
				CLANG_WARN_BOOL_CONVERSION = YES;
				CLANG_WARN_COMMA = YES;
				CLANG_WARN_CONSTANT_CONVERSION = YES;
				CLANG_WARN_DEPRECATED_OBJC_IMPLEMENTATIONS = YES;
				CLANG_WARN_DIRECT_OBJC_ISA_USAGE = YES_ERROR;
				CLANG_WARN_DOCUMENTATION_COMMENTS = YES;
				CLANG_WARN_EMPTY_BODY = YES;
				CLANG_WARN_ENUM_CONVERSION = YES;
				CLANG_WARN_INFINITE_RECURSION = YES;
				CLANG_WARN_INT_CONVERSION = YES;
				CLANG_WARN_NON_LITERAL_NULL_CONVERSION = YES;
				CLANG_WARN_OBJC_IMPLICIT_RETAIN_SELF = YES;
				CLANG_WARN_OBJC_LITERAL_CONVERSION = YES;
				CLANG_WARN_OBJC_ROOT_CLASS = YES_ERROR;
				CLANG_WARN_QUOTED_INCLUDE_IN_FRAMEWORK_HEADER = YES;
				CLANG_WARN_RANGE_LOOP_ANALYSIS = YES;
				CLANG_WARN_STRICT_PROTOTYPES = YES;
				CLANG_WARN_SUSPICIOUS_MOVE = YES;
				CLANG_WARN_UNGUARDED_AVAILABILITY = YES_AGGRESSIVE;
				CLANG_WARN_UNREACHABLE_CODE = YES;
				CLANG_WARN__DUPLICATE_METHOD_MATCH = YES;
				COPY_PHASE_STRIP = NO;
				DEBUG_INFORMATION_FORMAT = dwarf;
				ENABLE_STRICT_OBJC_MSGSEND = YES;
				ENABLE_TESTABILITY = YES;
				GCC_C_LANGUAGE_STANDARD = gnu11;
				GCC_DYNAMIC_NO_PIC = NO;
				GCC_NO_COMMON_BLOCKS = YES;
				GCC_OPTIMIZATION_LEVEL = 0;
				GCC_PREPROCESSOR_DEFINITIONS = (
					"DEBUG=1",
					"$(inherited)",
				);
				GCC_WARN_64_TO_32_BIT_CONVERSION = YES;
				GCC_WARN_ABOUT_RETURN_TYPE = YES_ERROR;
				GCC_WARN_UNDECLARED_SELECTOR = YES;
				GCC_WARN_UNINITIALIZED_AUTOS = YES_AGGRESSIVE;
				GCC_WARN_UNUSED_FUNCTION = YES;
				GCC_WARN_UNUSED_VARIABLE = YES;
				IPHONEOS_DEPLOYMENT_TARGET = 14.5;
				MTL_ENABLE_DEBUG_INFO = INCLUDE_SOURCE;
				MTL_FAST_MATH = YES;
				ONLY_ACTIVE_ARCH = YES;
				SDKROOT = iphoneos;
				SWIFT_ACTIVE_COMPILATION_CONDITIONS = DEBUG;
				SWIFT_OPTIMIZATION_LEVEL = "-Onone";
			};
			name = Debug;
		};
		B2DAC6AA26A875F300707434 /* Release */ = {
			isa = XCBuildConfiguration;
			buildSettings = {
				ALWAYS_SEARCH_USER_PATHS = NO;
				CLANG_ANALYZER_NONNULL = YES;
				CLANG_ANALYZER_NUMBER_OBJECT_CONVERSION = YES_AGGRESSIVE;
				CLANG_CXX_LANGUAGE_STANDARD = "gnu++14";
				CLANG_CXX_LIBRARY = "libc++";
				CLANG_ENABLE_MODULES = YES;
				CLANG_ENABLE_OBJC_ARC = YES;
				CLANG_ENABLE_OBJC_WEAK = YES;
				CLANG_WARN_BLOCK_CAPTURE_AUTORELEASING = YES;
				CLANG_WARN_BOOL_CONVERSION = YES;
				CLANG_WARN_COMMA = YES;
				CLANG_WARN_CONSTANT_CONVERSION = YES;
				CLANG_WARN_DEPRECATED_OBJC_IMPLEMENTATIONS = YES;
				CLANG_WARN_DIRECT_OBJC_ISA_USAGE = YES_ERROR;
				CLANG_WARN_DOCUMENTATION_COMMENTS = YES;
				CLANG_WARN_EMPTY_BODY = YES;
				CLANG_WARN_ENUM_CONVERSION = YES;
				CLANG_WARN_INFINITE_RECURSION = YES;
				CLANG_WARN_INT_CONVERSION = YES;
				CLANG_WARN_NON_LITERAL_NULL_CONVERSION = YES;
				CLANG_WARN_OBJC_IMPLICIT_RETAIN_SELF = YES;
				CLANG_WARN_OBJC_LITERAL_CONVERSION = YES;
				CLANG_WARN_OBJC_ROOT_CLASS = YES_ERROR;
				CLANG_WARN_QUOTED_INCLUDE_IN_FRAMEWORK_HEADER = YES;
				CLANG_WARN_RANGE_LOOP_ANALYSIS = YES;
				CLANG_WARN_STRICT_PROTOTYPES = YES;
				CLANG_WARN_SUSPICIOUS_MOVE = YES;
				CLANG_WARN_UNGUARDED_AVAILABILITY = YES_AGGRESSIVE;
				CLANG_WARN_UNREACHABLE_CODE = YES;
				CLANG_WARN__DUPLICATE_METHOD_MATCH = YES;
				COPY_PHASE_STRIP = NO;
				DEBUG_INFORMATION_FORMAT = "dwarf-with-dsym";
				ENABLE_NS_ASSERTIONS = NO;
				ENABLE_STRICT_OBJC_MSGSEND = YES;
				GCC_C_LANGUAGE_STANDARD = gnu11;
				GCC_NO_COMMON_BLOCKS = YES;
				GCC_WARN_64_TO_32_BIT_CONVERSION = YES;
				GCC_WARN_ABOUT_RETURN_TYPE = YES_ERROR;
				GCC_WARN_UNDECLARED_SELECTOR = YES;
				GCC_WARN_UNINITIALIZED_AUTOS = YES_AGGRESSIVE;
				GCC_WARN_UNUSED_FUNCTION = YES;
				GCC_WARN_UNUSED_VARIABLE = YES;
				IPHONEOS_DEPLOYMENT_TARGET = 14.5;
				MTL_ENABLE_DEBUG_INFO = NO;
				MTL_FAST_MATH = YES;
				SDKROOT = iphoneos;
				SWIFT_COMPILATION_MODE = wholemodule;
				SWIFT_OPTIMIZATION_LEVEL = "-O";
				VALIDATE_PRODUCT = YES;
			};
			name = Release;
		};
		B2DAC6AC26A875F300707434 /* Debug */ = {
			isa = XCBuildConfiguration;
			buildSettings = {
				ASSETCATALOG_COMPILER_APPICON_NAME = AppIcon;
				ASSETCATALOG_COMPILER_GLOBAL_ACCENT_COLOR_NAME = AccentColor;
				CODE_SIGN_STYLE = Automatic;
				DEVELOPMENT_TEAM = DRCMG84N3Y;
				INFOPLIST_FILE = MessangerChat/Info.plist;
				LD_RUNPATH_SEARCH_PATHS = (
					"$(inherited)",
					"@executable_path/Frameworks",
				);
				PRODUCT_BUNDLE_IDENTIFIER = com.engineering.MessangerChat;
				PRODUCT_NAME = "$(TARGET_NAME)";
				SWIFT_VERSION = 5.0;
				TARGETED_DEVICE_FAMILY = "1,2";
			};
			name = Debug;
		};
		B2DAC6AD26A875F300707434 /* Release */ = {
			isa = XCBuildConfiguration;
			buildSettings = {
				ASSETCATALOG_COMPILER_APPICON_NAME = AppIcon;
				ASSETCATALOG_COMPILER_GLOBAL_ACCENT_COLOR_NAME = AccentColor;
				CODE_SIGN_STYLE = Automatic;
				DEVELOPMENT_TEAM = DRCMG84N3Y;
				INFOPLIST_FILE = MessangerChat/Info.plist;
				LD_RUNPATH_SEARCH_PATHS = (
					"$(inherited)",
					"@executable_path/Frameworks",
				);
				PRODUCT_BUNDLE_IDENTIFIER = com.engineering.MessangerChat;
				PRODUCT_NAME = "$(TARGET_NAME)";
				SWIFT_VERSION = 5.0;
				TARGETED_DEVICE_FAMILY = "1,2";
			};
			name = Release;
		};
/* End XCBuildConfiguration section */

/* Begin XCConfigurationList section */
		B2DAC69226A875F200707434 /* Build configuration list for PBXProject "MessangerChat" */ = {
			isa = XCConfigurationList;
			buildConfigurations = (
				B2DAC6A926A875F300707434 /* Debug */,
				B2DAC6AA26A875F300707434 /* Release */,
			);
			defaultConfigurationIsVisible = 0;
			defaultConfigurationName = Release;
		};
		B2DAC6AB26A875F300707434 /* Build configuration list for PBXNativeTarget "MessangerChat" */ = {
			isa = XCConfigurationList;
			buildConfigurations = (
				B2DAC6AC26A875F300707434 /* Debug */,
				B2DAC6AD26A875F300707434 /* Release */,
			);
			defaultConfigurationIsVisible = 0;
			defaultConfigurationName = Release;
		};
/* End XCConfigurationList section */
	};
	rootObject = B2DAC68F26A875F200707434 /* Project object */;
}
