// !$*UTF8*$!
{
	archiveVersion = 1;
	classes = {
	};
	objectVersion = 50;
	objects = {

/* Begin PBXBuildFile section */
		B2E70FF1265FD4A000B67366 /* AppDelegate.swift in Sources */ = {isa = PBXBuildFile; fileRef = B2E70FF0265FD4A000B67366 /* AppDelegate.swift */; };
		B2E70FF3265FD4A000B67366 /* SceneDelegate.swift in Sources */ = {isa = PBXBuildFile; fileRef = B2E70FF2265FD4A000B67366 /* SceneDelegate.swift */; };
		B2E70FF5265FD4A000B67366 /* PlayerListVC.swift in Sources */ = {isa = PBXBuildFile; fileRef = B2E70FF4265FD4A000B67366 /* PlayerListVC.swift */; };
		B2E70FF8265FD4A000B67366 /* Main.storyboard in Resources */ = {isa = PBXBuildFile; fileRef = B2E70FF6265FD4A000B67366 /* Main.storyboard */; };
		B2E70FFA265FD4A100B67366 /* Assets.xcassets in Resources */ = {isa = PBXBuildFile; fileRef = B2E70FF9265FD4A100B67366 /* Assets.xcassets */; };
		B2E70FFD265FD4A100B67366 /* LaunchScreen.storyboard in Resources */ = {isa = PBXBuildFile; fileRef = B2E70FFB265FD4A100B67366 /* LaunchScreen.storyboard */; };
		B2E71006265FD98A00B67366 /* players.csv in Resources */ = {isa = PBXBuildFile; fileRef = B2E71005265FD98A00B67366 /* players.csv */; };
		B2E7100A265FEB6C00B67366 /* PlayerDetailVC.swift in Sources */ = {isa = PBXBuildFile; fileRef = B2E71009265FEB6C00B67366 /* PlayerDetailVC.swift */; };
		B2E7100E265FEBD000B67366 /* PlayerTableViewCell.swift in Sources */ = {isa = PBXBuildFile; fileRef = B2E7100D265FEBD000B67366 /* PlayerTableViewCell.swift */; };
/* End PBXBuildFile section */

/* Begin PBXFileReference section */
		B2E70FED265FD4A000B67366 /* CatalogOfBasketballPlayer.app */ = {isa = PBXFileReference; explicitFileType = wrapper.application; includeInIndex = 0; path = CatalogOfBasketballPlayer.app; sourceTree = BUILT_PRODUCTS_DIR; };
		B2E70FF0265FD4A000B67366 /* AppDelegate.swift */ = {isa = PBXFileReference; lastKnownFileType = sourcecode.swift; path = AppDelegate.swift; sourceTree = "<group>"; };
		B2E70FF2265FD4A000B67366 /* SceneDelegate.swift */ = {isa = PBXFileReference; lastKnownFileType = sourcecode.swift; path = SceneDelegate.swift; sourceTree = "<group>"; };
		B2E70FF4265FD4A000B67366 /* PlayerListVC.swift */ = {isa = PBXFileReference; lastKnownFileType = sourcecode.swift; path = PlayerListVC.swift; sourceTree = "<group>"; };
		B2E70FF7265FD4A000B67366 /* Base */ = {isa = PBXFileReference; lastKnownFileType = file.storyboard; name = Base; path = Base.lproj/Main.storyboard; sourceTree = "<group>"; };
		B2E70FF9265FD4A100B67366 /* Assets.xcassets */ = {isa = PBXFileReference; lastKnownFileType = folder.assetcatalog; path = Assets.xcassets; sourceTree = "<group>"; };
		B2E70FFC265FD4A100B67366 /* Base */ = {isa = PBXFileReference; lastKnownFileType = file.storyboard; name = Base; path = Base.lproj/LaunchScreen.storyboard; sourceTree = "<group>"; };
		B2E70FFE265FD4A100B67366 /* Info.plist */ = {isa = PBXFileReference; lastKnownFileType = text.plist.xml; path = Info.plist; sourceTree = "<group>"; };
		B2E71005265FD98A00B67366 /* players.csv */ = {isa = PBXFileReference; lastKnownFileType = text; path = players.csv; sourceTree = "<group>"; };
		B2E71009265FEB6C00B67366 /* PlayerDetailVC.swift */ = {isa = PBXFileReference; lastKnownFileType = sourcecode.swift; path = PlayerDetailVC.swift; sourceTree = "<group>"; };
		B2E7100D265FEBD000B67366 /* PlayerTableViewCell.swift */ = {isa = PBXFileReference; lastKnownFileType = sourcecode.swift; path = PlayerTableViewCell.swift; sourceTree = "<group>"; };
/* End PBXFileReference section */

/* Begin PBXFrameworksBuildPhase section */
		B2E70FEA265FD4A000B67366 /* Frameworks */ = {
			isa = PBXFrameworksBuildPhase;
			buildActionMask = 2147483647;
			files = (
			);
			runOnlyForDeploymentPostprocessing = 0;
		};
/* End PBXFrameworksBuildPhase section */

/* Begin PBXGroup section */
		B2E70FE4265FD4A000B67366 = {
			isa = PBXGroup;
			children = (
				B2E70FEF265FD4A000B67366 /* CatalogOfBasketballPlayer */,
				B2E70FEE265FD4A000B67366 /* Products */,
			);
			sourceTree = "<group>";
		};
		B2E70FEE265FD4A000B67366 /* Products */ = {
			isa = PBXGroup;
			children = (
				B2E70FED265FD4A000B67366 /* CatalogOfBasketballPlayer.app */,
			);
			name = Products;
			sourceTree = "<group>";
		};
		B2E70FEF265FD4A000B67366 /* CatalogOfBasketballPlayer */ = {
			isa = PBXGroup;
			children = (
				B2E70FF0265FD4A000B67366 /* AppDelegate.swift */,
				B2E70FF2265FD4A000B67366 /* SceneDelegate.swift */,
				B2E7100D265FEBD000B67366 /* PlayerTableViewCell.swift */,
				B2E70FF4265FD4A000B67366 /* PlayerListVC.swift */,
				B2E71009265FEB6C00B67366 /* PlayerDetailVC.swift */,
				B2E71005265FD98A00B67366 /* players.csv */,
				B2E70FF6265FD4A000B67366 /* Main.storyboard */,
				B2E70FF9265FD4A100B67366 /* Assets.xcassets */,
				B2E70FFB265FD4A100B67366 /* LaunchScreen.storyboard */,
				B2E70FFE265FD4A100B67366 /* Info.plist */,
			);
			path = CatalogOfBasketballPlayer;
			sourceTree = "<group>";
		};
/* End PBXGroup section */

/* Begin PBXNativeTarget section */
		B2E70FEC265FD4A000B67366 /* CatalogOfBasketballPlayer */ = {
			isa = PBXNativeTarget;
			buildConfigurationList = B2E71001265FD4A100B67366 /* Build configuration list for PBXNativeTarget "CatalogOfBasketballPlayer" */;
			buildPhases = (
				B2E70FE9265FD4A000B67366 /* Sources */,
				B2E70FEA265FD4A000B67366 /* Frameworks */,
				B2E70FEB265FD4A000B67366 /* Resources */,
			);
			buildRules = (
			);
			dependencies = (
			);
			name = CatalogOfBasketballPlayer;
			productName = CatalogOfBasketballPlayer;
			productReference = B2E70FED265FD4A000B67366 /* CatalogOfBasketballPlayer.app */;
			productType = "com.apple.product-type.application";
		};
/* End PBXNativeTarget section */

/* Begin PBXProject section */
		B2E70FE5265FD4A000B67366 /* Project object */ = {
			isa = PBXProject;
			attributes = {
				LastSwiftUpdateCheck = 1240;
				LastUpgradeCheck = 1240;
				TargetAttributes = {
					B2E70FEC265FD4A000B67366 = {
						CreatedOnToolsVersion = 12.4;
					};
				};
			};
			buildConfigurationList = B2E70FE8265FD4A000B67366 /* Build configuration list for PBXProject "CatalogOfBasketballPlayer" */;
			compatibilityVersion = "Xcode 9.3";
			developmentRegion = en;
			hasScannedForEncodings = 0;
			knownRegions = (
				en,
				Base,
			);
			mainGroup = B2E70FE4265FD4A000B67366;
			productRefGroup = B2E70FEE265FD4A000B67366 /* Products */;
			projectDirPath = "";
			projectRoot = "";
			targets = (
				B2E70FEC265FD4A000B67366 /* CatalogOfBasketballPlayer */,
			);
		};
/* End PBXProject section */

/* Begin PBXResourcesBuildPhase section */
		B2E70FEB265FD4A000B67366 /* Resources */ = {
			isa = PBXResourcesBuildPhase;
			buildActionMask = 2147483647;
			files = (
				B2E70FFD265FD4A100B67366 /* LaunchScreen.storyboard in Resources */,
				B2E71006265FD98A00B67366 /* players.csv in Resources */,
				B2E70FFA265FD4A100B67366 /* Assets.xcassets in Resources */,
				B2E70FF8265FD4A000B67366 /* Main.storyboard in Resources */,
			);
			runOnlyForDeploymentPostprocessing = 0;
		};
/* End PBXResourcesBuildPhase section */

/* Begin PBXSourcesBuildPhase section */
		B2E70FE9265FD4A000B67366 /* Sources */ = {
			isa = PBXSourcesBuildPhase;
			buildActionMask = 2147483647;
			files = (
				B2E7100A265FEB6C00B67366 /* PlayerDetailVC.swift in Sources */,
				B2E70FF5265FD4A000B67366 /* PlayerListVC.swift in Sources */,
				B2E7100E265FEBD000B67366 /* PlayerTableViewCell.swift in Sources */,
				B2E70FF1265FD4A000B67366 /* AppDelegate.swift in Sources */,
				B2E70FF3265FD4A000B67366 /* SceneDelegate.swift in Sources */,
			);
			runOnlyForDeploymentPostprocessing = 0;
		};
/* End PBXSourcesBuildPhase section */

/* Begin PBXVariantGroup section */
		B2E70FF6265FD4A000B67366 /* Main.storyboard */ = {
			isa = PBXVariantGroup;
			children = (
				B2E70FF7265FD4A000B67366 /* Base */,
			);
			name = Main.storyboard;
			sourceTree = "<group>";
		};
		B2E70FFB265FD4A100B67366 /* LaunchScreen.storyboard */ = {
			isa = PBXVariantGroup;
			children = (
				B2E70FFC265FD4A100B67366 /* Base */,
			);
			name = LaunchScreen.storyboard;
			sourceTree = "<group>";
		};
/* End PBXVariantGroup section */

/* Begin XCBuildConfiguration section */
		B2E70FFF265FD4A100B67366 /* Debug */ = {
			isa = XCBuildConfiguration;
			buildSettings = {
				ALWAYS_SEARCH_USER_PATHS = NO;
				CLANG_ANALYZER_NONNULL = YES;
				CLANG_ANALYZER_NUMBER_OBJECT_CONVERSION = YES_AGGRESSIVE;
				CLANG_CXX_LANGUAGE_STANDARD = "gnu++14";
				CLANG_CXX_LIBRARY = "libc++";
				CLANG_ENABLE_MODULES = YES;
				CLANG_ENABLE_OBJC_ARC = YES;
				CLANG_ENABLE_OBJC_WEAK = YES;
				CLANG_WARN_BLOCK_CAPTURE_AUTORELEASING = YES;
				CLANG_WARN_BOOL_CONVERSION = YES;
				CLANG_WARN_COMMA = YES;
				CLANG_WARN_CONSTANT_CONVERSION = YES;
				CLANG_WARN_DEPRECATED_OBJC_IMPLEMENTATIONS = YES;
				CLANG_WARN_DIRECT_OBJC_ISA_USAGE = YES_ERROR;
				CLANG_WARN_DOCUMENTATION_COMMENTS = YES;
				CLANG_WARN_EMPTY_BODY = YES;
				CLANG_WARN_ENUM_CONVERSION = YES;
				CLANG_WARN_INFINITE_RECURSION = YES;
				CLANG_WARN_INT_CONVERSION = YES;
				CLANG_WARN_NON_LITERAL_NULL_CONVERSION = YES;
				CLANG_WARN_OBJC_IMPLICIT_RETAIN_SELF = YES;
				CLANG_WARN_OBJC_LITERAL_CONVERSION = YES;
				CLANG_WARN_OBJC_ROOT_CLASS = YES_ERROR;
				CLANG_WARN_QUOTED_INCLUDE_IN_FRAMEWORK_HEADER = YES;
				CLANG_WARN_RANGE_LOOP_ANALYSIS = YES;
				CLANG_WARN_STRICT_PROTOTYPES = YES;
				CLANG_WARN_SUSPICIOUS_MOVE = YES;
				CLANG_WARN_UNGUARDED_AVAILABILITY = YES_AGGRESSIVE;
				CLANG_WARN_UNREACHABLE_CODE = YES;
				CLANG_WARN__DUPLICATE_METHOD_MATCH = YES;
				COPY_PHASE_STRIP = NO;
				DEBUG_INFORMATION_FORMAT = dwarf;
				ENABLE_STRICT_OBJC_MSGSEND = YES;
				ENABLE_TESTABILITY = YES;
				GCC_C_LANGUAGE_STANDARD = gnu11;
				GCC_DYNAMIC_NO_PIC = NO;
				GCC_NO_COMMON_BLOCKS = YES;
				GCC_OPTIMIZATION_LEVEL = 0;
				GCC_PREPROCESSOR_DEFINITIONS = (
					"DEBUG=1",
					"$(inherited)",
				);
				GCC_WARN_64_TO_32_BIT_CONVERSION = YES;
				GCC_WARN_ABOUT_RETURN_TYPE = YES_ERROR;
				GCC_WARN_UNDECLARED_SELECTOR = YES;
				GCC_WARN_UNINITIALIZED_AUTOS = YES_AGGRESSIVE;
				GCC_WARN_UNUSED_FUNCTION = YES;
				GCC_WARN_UNUSED_VARIABLE = YES;
				IPHONEOS_DEPLOYMENT_TARGET = 14.4;
				MTL_ENABLE_DEBUG_INFO = INCLUDE_SOURCE;
				MTL_FAST_MATH = YES;
				ONLY_ACTIVE_ARCH = YES;
				SDKROOT = iphoneos;
				SWIFT_ACTIVE_COMPILATION_CONDITIONS = DEBUG;
				SWIFT_OPTIMIZATION_LEVEL = "-Onone";
			};
			name = Debug;
		};
		B2E71000265FD4A100B67366 /* Release */ = {
			isa = XCBuildConfiguration;
			buildSettings = {
				ALWAYS_SEARCH_USER_PATHS = NO;
				CLANG_ANALYZER_NONNULL = YES;
				CLANG_ANALYZER_NUMBER_OBJECT_CONVERSION = YES_AGGRESSIVE;
				CLANG_CXX_LANGUAGE_STANDARD = "gnu++14";
				CLANG_CXX_LIBRARY = "libc++";
				CLANG_ENABLE_MODULES = YES;
				CLANG_ENABLE_OBJC_ARC = YES;
				CLANG_ENABLE_OBJC_WEAK = YES;
				CLANG_WARN_BLOCK_CAPTURE_AUTORELEASING = YES;
				CLANG_WARN_BOOL_CONVERSION = YES;
				CLANG_WARN_COMMA = YES;
				CLANG_WARN_CONSTANT_CONVERSION = YES;
				CLANG_WARN_DEPRECATED_OBJC_IMPLEMENTATIONS = YES;
				CLANG_WARN_DIRECT_OBJC_ISA_USAGE = YES_ERROR;
				CLANG_WARN_DOCUMENTATION_COMMENTS = YES;
				CLANG_WARN_EMPTY_BODY = YES;
				CLANG_WARN_ENUM_CONVERSION = YES;
				CLANG_WARN_INFINITE_RECURSION = YES;
				CLANG_WARN_INT_CONVERSION = YES;
				CLANG_WARN_NON_LITERAL_NULL_CONVERSION = YES;
				CLANG_WARN_OBJC_IMPLICIT_RETAIN_SELF = YES;
				CLANG_WARN_OBJC_LITERAL_CONVERSION = YES;
				CLANG_WARN_OBJC_ROOT_CLASS = YES_ERROR;
				CLANG_WARN_QUOTED_INCLUDE_IN_FRAMEWORK_HEADER = YES;
				CLANG_WARN_RANGE_LOOP_ANALYSIS = YES;
				CLANG_WARN_STRICT_PROTOTYPES = YES;
				CLANG_WARN_SUSPICIOUS_MOVE = YES;
				CLANG_WARN_UNGUARDED_AVAILABILITY = YES_AGGRESSIVE;
				CLANG_WARN_UNREACHABLE_CODE = YES;
				CLANG_WARN__DUPLICATE_METHOD_MATCH = YES;
				COPY_PHASE_STRIP = NO;
				DEBUG_INFORMATION_FORMAT = "dwarf-with-dsym";
				ENABLE_NS_ASSERTIONS = NO;
				ENABLE_STRICT_OBJC_MSGSEND = YES;
				GCC_C_LANGUAGE_STANDARD = gnu11;
				GCC_NO_COMMON_BLOCKS = YES;
				GCC_WARN_64_TO_32_BIT_CONVERSION = YES;
				GCC_WARN_ABOUT_RETURN_TYPE = YES_ERROR;
				GCC_WARN_UNDECLARED_SELECTOR = YES;
				GCC_WARN_UNINITIALIZED_AUTOS = YES_AGGRESSIVE;
				GCC_WARN_UNUSED_FUNCTION = YES;
				GCC_WARN_UNUSED_VARIABLE = YES;
				IPHONEOS_DEPLOYMENT_TARGET = 14.4;
				MTL_ENABLE_DEBUG_INFO = NO;
				MTL_FAST_MATH = YES;
				SDKROOT = iphoneos;
				SWIFT_COMPILATION_MODE = wholemodule;
				SWIFT_OPTIMIZATION_LEVEL = "-O";
				VALIDATE_PRODUCT = YES;
			};
			name = Release;
		};
		B2E71002265FD4A100B67366 /* Debug */ = {
			isa = XCBuildConfiguration;
			buildSettings = {
				ASSETCATALOG_COMPILER_APPICON_NAME = AppIcon;
				ASSETCATALOG_COMPILER_GLOBAL_ACCENT_COLOR_NAME = AccentColor;
				CODE_SIGN_STYLE = Automatic;
				INFOPLIST_FILE = CatalogOfBasketballPlayer/Info.plist;
				LD_RUNPATH_SEARCH_PATHS = (
					"$(inherited)",
					"@executable_path/Frameworks",
				);
				PRODUCT_BUNDLE_IDENTIFIER = com.engineering.CatalogOfBasketballPlayer;
				PRODUCT_NAME = "$(TARGET_NAME)";
				SWIFT_VERSION = 5.0;
				TARGETED_DEVICE_FAMILY = "1,2";
			};
			name = Debug;
		};
		B2E71003265FD4A100B67366 /* Release */ = {
			isa = XCBuildConfiguration;
			buildSettings = {
				ASSETCATALOG_COMPILER_APPICON_NAME = AppIcon;
				ASSETCATALOG_COMPILER_GLOBAL_ACCENT_COLOR_NAME = AccentColor;
				CODE_SIGN_STYLE = Automatic;
				INFOPLIST_FILE = CatalogOfBasketballPlayer/Info.plist;
				LD_RUNPATH_SEARCH_PATHS = (
					"$(inherited)",
					"@executable_path/Frameworks",
				);
				PRODUCT_BUNDLE_IDENTIFIER = com.engineering.CatalogOfBasketballPlayer;
				PRODUCT_NAME = "$(TARGET_NAME)";
				SWIFT_VERSION = 5.0;
				TARGETED_DEVICE_FAMILY = "1,2";
			};
			name = Release;
		};
/* End XCBuildConfiguration section */

/* Begin XCConfigurationList section */
		B2E70FE8265FD4A000B67366 /* Build configuration list for PBXProject "CatalogOfBasketballPlayer" */ = {
			isa = XCConfigurationList;
			buildConfigurations = (
				B2E70FFF265FD4A100B67366 /* Debug */,
				B2E71000265FD4A100B67366 /* Release */,
			);
			defaultConfigurationIsVisible = 0;
			defaultConfigurationName = Release;
		};
		B2E71001265FD4A100B67366 /* Build configuration list for PBXNativeTarget "CatalogOfBasketballPlayer" */ = {
			isa = XCConfigurationList;
			buildConfigurations = (
				B2E71002265FD4A100B67366 /* Debug */,
				B2E71003265FD4A100B67366 /* Release */,
			);
			defaultConfigurationIsVisible = 0;
			defaultConfigurationName = Release;
		};
/* End XCConfigurationList section */
	};
	rootObject = B2E70FE5265FD4A000B67366 /* Project object */;
}
