// !$*UTF8*$!
{
	archiveVersion = 1;
	classes = {
	};
	objectVersion = 50;
	objects = {

/* Begin PBXBuildFile section */
		B282601126A5B0AE00C144A6 /* AppDelegate.swift in Sources */ = {isa = PBXBuildFile; fileRef = B282601026A5B0AE00C144A6 /* AppDelegate.swift */; };
		B282601326A5B0AE00C144A6 /* SceneDelegate.swift in Sources */ = {isa = PBXBuildFile; fileRef = B282601226A5B0AE00C144A6 /* SceneDelegate.swift */; };
		B282601526A5B0AE00C144A6 /* UpdateProfileViewController.swift in Sources */ = {isa = PBXBuildFile; fileRef = B282601426A5B0AE00C144A6 /* UpdateProfileViewController.swift */; };
		B282601826A5B0AE00C144A6 /* Main.storyboard in Resources */ = {isa = PBXBuildFile; fileRef = B282601626A5B0AE00C144A6 /* Main.storyboard */; };
		B282601A26A5B0AF00C144A6 /* Assets.xcassets in Resources */ = {isa = PBXBuildFile; fileRef = B282601926A5B0AF00C144A6 /* Assets.xcassets */; };
		B282601D26A5B0AF00C144A6 /* LaunchScreen.storyboard in Resources */ = {isa = PBXBuildFile; fileRef = B282601B26A5B0AF00C144A6 /* LaunchScreen.storyboard */; };
		B282602C26A5B11C00C144A6 /* Property.swift in Sources */ = {isa = PBXBuildFile; fileRef = B282602A26A5B11C00C144A6 /* Property.swift */; };
		B282602D26A5B11C00C144A6 /* LocalStorage.swift in Sources */ = {isa = PBXBuildFile; fileRef = B282602B26A5B11C00C144A6 /* LocalStorage.swift */; };
		B282602F26A5B12500C144A6 /* BindingTextField.swift in Sources */ = {isa = PBXBuildFile; fileRef = B282602E26A5B12500C144A6 /* BindingTextField.swift */; };
		B282603226A5B13300C144A6 /* UpdateProfileFromError.swift in Sources */ = {isa = PBXBuildFile; fileRef = B282603026A5B13200C144A6 /* UpdateProfileFromError.swift */; };
		B282603326A5B13300C144A6 /* UpdateProfileViewModel.swift in Sources */ = {isa = PBXBuildFile; fileRef = B282603126A5B13300C144A6 /* UpdateProfileViewModel.swift */; };
		B282603726A5B28400C144A6 /* User.swift in Sources */ = {isa = PBXBuildFile; fileRef = B282603426A5B28400C144A6 /* User.swift */; };
		B282603826A5B28400C144A6 /* Gender.swift in Sources */ = {isa = PBXBuildFile; fileRef = B282603526A5B28400C144A6 /* Gender.swift */; };
		B282603926A5B28400C144A6 /* UserProfileViewProtocol.swift in Sources */ = {isa = PBXBuildFile; fileRef = B282603626A5B28400C144A6 /* UserProfileViewProtocol.swift */; };
/* End PBXBuildFile section */

/* Begin PBXFileReference section */
		B282600D26A5B0AE00C144A6 /* MVVMImpl.app */ = {isa = PBXFileReference; explicitFileType = wrapper.application; includeInIndex = 0; path = MVVMImpl.app; sourceTree = BUILT_PRODUCTS_DIR; };
		B282601026A5B0AE00C144A6 /* AppDelegate.swift */ = {isa = PBXFileReference; lastKnownFileType = sourcecode.swift; path = AppDelegate.swift; sourceTree = "<group>"; };
		B282601226A5B0AE00C144A6 /* SceneDelegate.swift */ = {isa = PBXFileReference; lastKnownFileType = sourcecode.swift; path = SceneDelegate.swift; sourceTree = "<group>"; };
		B282601426A5B0AE00C144A6 /* UpdateProfileViewController.swift */ = {isa = PBXFileReference; lastKnownFileType = sourcecode.swift; path = UpdateProfileViewController.swift; sourceTree = "<group>"; };
		B282601726A5B0AE00C144A6 /* Base */ = {isa = PBXFileReference; lastKnownFileType = file.storyboard; name = Base; path = Base.lproj/Main.storyboard; sourceTree = "<group>"; };
		B282601926A5B0AF00C144A6 /* Assets.xcassets */ = {isa = PBXFileReference; lastKnownFileType = folder.assetcatalog; path = Assets.xcassets; sourceTree = "<group>"; };
		B282601C26A5B0AF00C144A6 /* Base */ = {isa = PBXFileReference; lastKnownFileType = file.storyboard; name = Base; path = Base.lproj/LaunchScreen.storyboard; sourceTree = "<group>"; };
		B282601E26A5B0AF00C144A6 /* Info.plist */ = {isa = PBXFileReference; lastKnownFileType = text.plist.xml; path = Info.plist; sourceTree = "<group>"; };
		B282602A26A5B11C00C144A6 /* Property.swift */ = {isa = PBXFileReference; fileEncoding = 4; lastKnownFileType = sourcecode.swift; path = Property.swift; sourceTree = "<group>"; };
		B282602B26A5B11C00C144A6 /* LocalStorage.swift */ = {isa = PBXFileReference; fileEncoding = 4; lastKnownFileType = sourcecode.swift; path = LocalStorage.swift; sourceTree = "<group>"; };
		B282602E26A5B12500C144A6 /* BindingTextField.swift */ = {isa = PBXFileReference; fileEncoding = 4; lastKnownFileType = sourcecode.swift; path = BindingTextField.swift; sourceTree = "<group>"; };
		B282603026A5B13200C144A6 /* UpdateProfileFromError.swift */ = {isa = PBXFileReference; fileEncoding = 4; lastKnownFileType = sourcecode.swift; path = UpdateProfileFromError.swift; sourceTree = "<group>"; };
		B282603126A5B13300C144A6 /* UpdateProfileViewModel.swift */ = {isa = PBXFileReference; fileEncoding = 4; lastKnownFileType = sourcecode.swift; path = UpdateProfileViewModel.swift; sourceTree = "<group>"; };
		B282603426A5B28400C144A6 /* User.swift */ = {isa = PBXFileReference; fileEncoding = 4; lastKnownFileType = sourcecode.swift; path = User.swift; sourceTree = "<group>"; };
		B282603526A5B28400C144A6 /* Gender.swift */ = {isa = PBXFileReference; fileEncoding = 4; lastKnownFileType = sourcecode.swift; path = Gender.swift; sourceTree = "<group>"; };
		B282603626A5B28400C144A6 /* UserProfileViewProtocol.swift */ = {isa = PBXFileReference; fileEncoding = 4; lastKnownFileType = sourcecode.swift; path = UserProfileViewProtocol.swift; sourceTree = "<group>"; };
/* End PBXFileReference section */

/* Begin PBXFrameworksBuildPhase section */
		B282600A26A5B0AE00C144A6 /* Frameworks */ = {
			isa = PBXFrameworksBuildPhase;
			buildActionMask = 2147483647;
			files = (
			);
			runOnlyForDeploymentPostprocessing = 0;
		};
/* End PBXFrameworksBuildPhase section */

/* Begin PBXGroup section */
		B282600426A5B0AE00C144A6 = {
			isa = PBXGroup;
			children = (
				B282600F26A5B0AE00C144A6 /* MVVMImpl */,
				B282600E26A5B0AE00C144A6 /* Products */,
			);
			sourceTree = "<group>";
		};
		B282600E26A5B0AE00C144A6 /* Products */ = {
			isa = PBXGroup;
			children = (
				B282600D26A5B0AE00C144A6 /* MVVMImpl.app */,
			);
			name = Products;
			sourceTree = "<group>";
		};
		B282600F26A5B0AE00C144A6 /* MVVMImpl */ = {
			isa = PBXGroup;
			children = (
				B282602B26A5B11C00C144A6 /* LocalStorage.swift */,
				B282602A26A5B11C00C144A6 /* Property.swift */,
				B282602926A5B0F100C144A6 /* Controller */,
				B282602826A5B0EC00C144A6 /* Model */,
				B282602726A5B0E100C144A6 /* ViewModel */,
				B282602626A5B0DA00C144A6 /* UI */,
				B282602526A5B0C400C144A6 /* Delegates */,
				B282602426A5B0BB00C144A6 /* Storyboards */,
				B282601926A5B0AF00C144A6 /* Assets.xcassets */,
				B282601E26A5B0AF00C144A6 /* Info.plist */,
			);
			path = MVVMImpl;
			sourceTree = "<group>";
		};
		B282602426A5B0BB00C144A6 /* Storyboards */ = {
			isa = PBXGroup;
			children = (
				B282601626A5B0AE00C144A6 /* Main.storyboard */,
				B282601B26A5B0AF00C144A6 /* LaunchScreen.storyboard */,
			);
			path = Storyboards;
			sourceTree = "<group>";
		};
		B282602526A5B0C400C144A6 /* Delegates */ = {
			isa = PBXGroup;
			children = (
				B282601026A5B0AE00C144A6 /* AppDelegate.swift */,
				B282601226A5B0AE00C144A6 /* SceneDelegate.swift */,
			);
			path = Delegates;
			sourceTree = "<group>";
		};
		B282602626A5B0DA00C144A6 /* UI */ = {
			isa = PBXGroup;
			children = (
				B282602E26A5B12500C144A6 /* BindingTextField.swift */,
			);
			path = UI;
			sourceTree = "<group>";
		};
		B282602726A5B0E100C144A6 /* ViewModel */ = {
			isa = PBXGroup;
			children = (
				B282603026A5B13200C144A6 /* UpdateProfileFromError.swift */,
				B282603126A5B13300C144A6 /* UpdateProfileViewModel.swift */,
			);
			path = ViewModel;
			sourceTree = "<group>";
		};
		B282602826A5B0EC00C144A6 /* Model */ = {
			isa = PBXGroup;
			children = (
				B282603526A5B28400C144A6 /* Gender.swift */,
				B282603426A5B28400C144A6 /* User.swift */,
				B282603626A5B28400C144A6 /* UserProfileViewProtocol.swift */,
			);
			path = Model;
			sourceTree = "<group>";
		};
		B282602926A5B0F100C144A6 /* Controller */ = {
			isa = PBXGroup;
			children = (
				B282601426A5B0AE00C144A6 /* UpdateProfileViewController.swift */,
			);
			path = Controller;
			sourceTree = "<group>";
		};
/* End PBXGroup section */

/* Begin PBXNativeTarget section */
		B282600C26A5B0AE00C144A6 /* MVVMImpl */ = {
			isa = PBXNativeTarget;
			buildConfigurationList = B282602126A5B0AF00C144A6 /* Build configuration list for PBXNativeTarget "MVVMImpl" */;
			buildPhases = (
				B282600926A5B0AE00C144A6 /* Sources */,
				B282600A26A5B0AE00C144A6 /* Frameworks */,
				B282600B26A5B0AE00C144A6 /* Resources */,
			);
			buildRules = (
			);
			dependencies = (
			);
			name = MVVMImpl;
			productName = MVVMImpl;
			productReference = B282600D26A5B0AE00C144A6 /* MVVMImpl.app */;
			productType = "com.apple.product-type.application";
		};
/* End PBXNativeTarget section */

/* Begin PBXProject section */
		B282600526A5B0AE00C144A6 /* Project object */ = {
			isa = PBXProject;
			attributes = {
				LastSwiftUpdateCheck = 1250;
				LastUpgradeCheck = 1250;
				TargetAttributes = {
					B282600C26A5B0AE00C144A6 = {
						CreatedOnToolsVersion = 12.5.1;
					};
				};
			};
			buildConfigurationList = B282600826A5B0AE00C144A6 /* Build configuration list for PBXProject "MVVMImpl" */;
			compatibilityVersion = "Xcode 9.3";
			developmentRegion = en;
			hasScannedForEncodings = 0;
			knownRegions = (
				en,
				Base,
			);
			mainGroup = B282600426A5B0AE00C144A6;
			productRefGroup = B282600E26A5B0AE00C144A6 /* Products */;
			projectDirPath = "";
			projectRoot = "";
			targets = (
				B282600C26A5B0AE00C144A6 /* MVVMImpl */,
			);
		};
/* End PBXProject section */

/* Begin PBXResourcesBuildPhase section */
		B282600B26A5B0AE00C144A6 /* Resources */ = {
			isa = PBXResourcesBuildPhase;
			buildActionMask = 2147483647;
			files = (
				B282601D26A5B0AF00C144A6 /* LaunchScreen.storyboard in Resources */,
				B282601A26A5B0AF00C144A6 /* Assets.xcassets in Resources */,
				B282601826A5B0AE00C144A6 /* Main.storyboard in Resources */,
			);
			runOnlyForDeploymentPostprocessing = 0;
		};
/* End PBXResourcesBuildPhase section */

/* Begin PBXSourcesBuildPhase section */
		B282600926A5B0AE00C144A6 /* Sources */ = {
			isa = PBXSourcesBuildPhase;
			buildActionMask = 2147483647;
			files = (
				B282601526A5B0AE00C144A6 /* UpdateProfileViewController.swift in Sources */,
				B282602F26A5B12500C144A6 /* BindingTextField.swift in Sources */,
				B282602D26A5B11C00C144A6 /* LocalStorage.swift in Sources */,
				B282603926A5B28400C144A6 /* UserProfileViewProtocol.swift in Sources */,
				B282601126A5B0AE00C144A6 /* AppDelegate.swift in Sources */,
				B282602C26A5B11C00C144A6 /* Property.swift in Sources */,
				B282603726A5B28400C144A6 /* User.swift in Sources */,
				B282603826A5B28400C144A6 /* Gender.swift in Sources */,
				B282603226A5B13300C144A6 /* UpdateProfileFromError.swift in Sources */,
				B282601326A5B0AE00C144A6 /* SceneDelegate.swift in Sources */,
				B282603326A5B13300C144A6 /* UpdateProfileViewModel.swift in Sources */,
			);
			runOnlyForDeploymentPostprocessing = 0;
		};
/* End PBXSourcesBuildPhase section */

/* Begin PBXVariantGroup section */
		B282601626A5B0AE00C144A6 /* Main.storyboard */ = {
			isa = PBXVariantGroup;
			children = (
				B282601726A5B0AE00C144A6 /* Base */,
			);
			name = Main.storyboard;
			sourceTree = "<group>";
		};
		B282601B26A5B0AF00C144A6 /* LaunchScreen.storyboard */ = {
			isa = PBXVariantGroup;
			children = (
				B282601C26A5B0AF00C144A6 /* Base */,
			);
			name = LaunchScreen.storyboard;
			sourceTree = "<group>";
		};
/* End PBXVariantGroup section */

/* Begin XCBuildConfiguration section */
		B282601F26A5B0AF00C144A6 /* Debug */ = {
			isa = XCBuildConfiguration;
			buildSettings = {
				ALWAYS_SEARCH_USER_PATHS = NO;
				CLANG_ANALYZER_NONNULL = YES;
				CLANG_ANALYZER_NUMBER_OBJECT_CONVERSION = YES_AGGRESSIVE;
				CLANG_CXX_LANGUAGE_STANDARD = "gnu++14";
				CLANG_CXX_LIBRARY = "libc++";
				CLANG_ENABLE_MODULES = YES;
				CLANG_ENABLE_OBJC_ARC = YES;
				CLANG_ENABLE_OBJC_WEAK = YES;
				CLANG_WARN_BLOCK_CAPTURE_AUTORELEASING = YES;
				CLANG_WARN_BOOL_CONVERSION = YES;
				CLANG_WARN_COMMA = YES;
				CLANG_WARN_CONSTANT_CONVERSION = YES;
				CLANG_WARN_DEPRECATED_OBJC_IMPLEMENTATIONS = YES;
				CLANG_WARN_DIRECT_OBJC_ISA_USAGE = YES_ERROR;
				CLANG_WARN_DOCUMENTATION_COMMENTS = YES;
				CLANG_WARN_EMPTY_BODY = YES;
				CLANG_WARN_ENUM_CONVERSION = YES;
				CLANG_WARN_INFINITE_RECURSION = YES;
				CLANG_WARN_INT_CONVERSION = YES;
				CLANG_WARN_NON_LITERAL_NULL_CONVERSION = YES;
				CLANG_WARN_OBJC_IMPLICIT_RETAIN_SELF = YES;
				CLANG_WARN_OBJC_LITERAL_CONVERSION = YES;
				CLANG_WARN_OBJC_ROOT_CLASS = YES_ERROR;
				CLANG_WARN_QUOTED_INCLUDE_IN_FRAMEWORK_HEADER = YES;
				CLANG_WARN_RANGE_LOOP_ANALYSIS = YES;
				CLANG_WARN_STRICT_PROTOTYPES = YES;
				CLANG_WARN_SUSPICIOUS_MOVE = YES;
				CLANG_WARN_UNGUARDED_AVAILABILITY = YES_AGGRESSIVE;
				CLANG_WARN_UNREACHABLE_CODE = YES;
				CLANG_WARN__DUPLICATE_METHOD_MATCH = YES;
				COPY_PHASE_STRIP = NO;
				DEBUG_INFORMATION_FORMAT = dwarf;
				ENABLE_STRICT_OBJC_MSGSEND = YES;
				ENABLE_TESTABILITY = YES;
				GCC_C_LANGUAGE_STANDARD = gnu11;
				GCC_DYNAMIC_NO_PIC = NO;
				GCC_NO_COMMON_BLOCKS = YES;
				GCC_OPTIMIZATION_LEVEL = 0;
				GCC_PREPROCESSOR_DEFINITIONS = (
					"DEBUG=1",
					"$(inherited)",
				);
				GCC_WARN_64_TO_32_BIT_CONVERSION = YES;
				GCC_WARN_ABOUT_RETURN_TYPE = YES_ERROR;
				GCC_WARN_UNDECLARED_SELECTOR = YES;
				GCC_WARN_UNINITIALIZED_AUTOS = YES_AGGRESSIVE;
				GCC_WARN_UNUSED_FUNCTION = YES;
				GCC_WARN_UNUSED_VARIABLE = YES;
				IPHONEOS_DEPLOYMENT_TARGET = 14.5;
				MTL_ENABLE_DEBUG_INFO = INCLUDE_SOURCE;
				MTL_FAST_MATH = YES;
				ONLY_ACTIVE_ARCH = YES;
				SDKROOT = iphoneos;
				SWIFT_ACTIVE_COMPILATION_CONDITIONS = DEBUG;
				SWIFT_OPTIMIZATION_LEVEL = "-Onone";
			};
			name = Debug;
		};
		B282602026A5B0AF00C144A6 /* Release */ = {
			isa = XCBuildConfiguration;
			buildSettings = {
				ALWAYS_SEARCH_USER_PATHS = NO;
				CLANG_ANALYZER_NONNULL = YES;
				CLANG_ANALYZER_NUMBER_OBJECT_CONVERSION = YES_AGGRESSIVE;
				CLANG_CXX_LANGUAGE_STANDARD = "gnu++14";
				CLANG_CXX_LIBRARY = "libc++";
				CLANG_ENABLE_MODULES = YES;
				CLANG_ENABLE_OBJC_ARC = YES;
				CLANG_ENABLE_OBJC_WEAK = YES;
				CLANG_WARN_BLOCK_CAPTURE_AUTORELEASING = YES;
				CLANG_WARN_BOOL_CONVERSION = YES;
				CLANG_WARN_COMMA = YES;
				CLANG_WARN_CONSTANT_CONVERSION = YES;
				CLANG_WARN_DEPRECATED_OBJC_IMPLEMENTATIONS = YES;
				CLANG_WARN_DIRECT_OBJC_ISA_USAGE = YES_ERROR;
				CLANG_WARN_DOCUMENTATION_COMMENTS = YES;
				CLANG_WARN_EMPTY_BODY = YES;
				CLANG_WARN_ENUM_CONVERSION = YES;
				CLANG_WARN_INFINITE_RECURSION = YES;
				CLANG_WARN_INT_CONVERSION = YES;
				CLANG_WARN_NON_LITERAL_NULL_CONVERSION = YES;
				CLANG_WARN_OBJC_IMPLICIT_RETAIN_SELF = YES;
				CLANG_WARN_OBJC_LITERAL_CONVERSION = YES;
				CLANG_WARN_OBJC_ROOT_CLASS = YES_ERROR;
				CLANG_WARN_QUOTED_INCLUDE_IN_FRAMEWORK_HEADER = YES;
				CLANG_WARN_RANGE_LOOP_ANALYSIS = YES;
				CLANG_WARN_STRICT_PROTOTYPES = YES;
				CLANG_WARN_SUSPICIOUS_MOVE = YES;
				CLANG_WARN_UNGUARDED_AVAILABILITY = YES_AGGRESSIVE;
				CLANG_WARN_UNREACHABLE_CODE = YES;
				CLANG_WARN__DUPLICATE_METHOD_MATCH = YES;
				COPY_PHASE_STRIP = NO;
				DEBUG_INFORMATION_FORMAT = "dwarf-with-dsym";
				ENABLE_NS_ASSERTIONS = NO;
				ENABLE_STRICT_OBJC_MSGSEND = YES;
				GCC_C_LANGUAGE_STANDARD = gnu11;
				GCC_NO_COMMON_BLOCKS = YES;
				GCC_WARN_64_TO_32_BIT_CONVERSION = YES;
				GCC_WARN_ABOUT_RETURN_TYPE = YES_ERROR;
				GCC_WARN_UNDECLARED_SELECTOR = YES;
				GCC_WARN_UNINITIALIZED_AUTOS = YES_AGGRESSIVE;
				GCC_WARN_UNUSED_FUNCTION = YES;
				GCC_WARN_UNUSED_VARIABLE = YES;
				IPHONEOS_DEPLOYMENT_TARGET = 14.5;
				MTL_ENABLE_DEBUG_INFO = NO;
				MTL_FAST_MATH = YES;
				SDKROOT = iphoneos;
				SWIFT_COMPILATION_MODE = wholemodule;
				SWIFT_OPTIMIZATION_LEVEL = "-O";
				VALIDATE_PRODUCT = YES;
			};
			name = Release;
		};
		B282602226A5B0AF00C144A6 /* Debug */ = {
			isa = XCBuildConfiguration;
			buildSettings = {
				ASSETCATALOG_COMPILER_APPICON_NAME = AppIcon;
				ASSETCATALOG_COMPILER_GLOBAL_ACCENT_COLOR_NAME = AccentColor;
				CODE_SIGN_STYLE = Automatic;
				DEVELOPMENT_TEAM = DRCMG84N3Y;
				INFOPLIST_FILE = MVVMImpl/Info.plist;
				LD_RUNPATH_SEARCH_PATHS = (
					"$(inherited)",
					"@executable_path/Frameworks",
				);
				PRODUCT_BUNDLE_IDENTIFIER = com.engineering.MVVMImpl;
				PRODUCT_NAME = "$(TARGET_NAME)";
				SWIFT_VERSION = 5.0;
				TARGETED_DEVICE_FAMILY = "1,2";
			};
			name = Debug;
		};
		B282602326A5B0AF00C144A6 /* Release */ = {
			isa = XCBuildConfiguration;
			buildSettings = {
				ASSETCATALOG_COMPILER_APPICON_NAME = AppIcon;
				ASSETCATALOG_COMPILER_GLOBAL_ACCENT_COLOR_NAME = AccentColor;
				CODE_SIGN_STYLE = Automatic;
				DEVELOPMENT_TEAM = DRCMG84N3Y;
				INFOPLIST_FILE = MVVMImpl/Info.plist;
				LD_RUNPATH_SEARCH_PATHS = (
					"$(inherited)",
					"@executable_path/Frameworks",
				);
				PRODUCT_BUNDLE_IDENTIFIER = com.engineering.MVVMImpl;
				PRODUCT_NAME = "$(TARGET_NAME)";
				SWIFT_VERSION = 5.0;
				TARGETED_DEVICE_FAMILY = "1,2";
			};
			name = Release;
		};
/* End XCBuildConfiguration section */

/* Begin XCConfigurationList section */
		B282600826A5B0AE00C144A6 /* Build configuration list for PBXProject "MVVMImpl" */ = {
			isa = XCConfigurationList;
			buildConfigurations = (
				B282601F26A5B0AF00C144A6 /* Debug */,
				B282602026A5B0AF00C144A6 /* Release */,
			);
			defaultConfigurationIsVisible = 0;
			defaultConfigurationName = Release;
		};
		B282602126A5B0AF00C144A6 /* Build configuration list for PBXNativeTarget "MVVMImpl" */ = {
			isa = XCConfigurationList;
			buildConfigurations = (
				B282602226A5B0AF00C144A6 /* Debug */,
				B282602326A5B0AF00C144A6 /* Release */,
			);
			defaultConfigurationIsVisible = 0;
			defaultConfigurationName = Release;
		};
/* End XCConfigurationList section */
	};
	rootObject = B282600526A5B0AE00C144A6 /* Project object */;
}
