// !$*UTF8*$!
{
	archiveVersion = 1;
	classes = {
	};
	objectVersion = 50;
	objects = {

/* Begin PBXBuildFile section */
		B291D04A26554880009F554A /* AppDelegate.swift in Sources */ = {isa = PBXBuildFile; fileRef = B291D04926554880009F554A /* AppDelegate.swift */; };
		B291D04C26554880009F554A /* SceneDelegate.swift in Sources */ = {isa = PBXBuildFile; fileRef = B291D04B26554880009F554A /* SceneDelegate.swift */; };
		B291D04E26554880009F554A /* ViewController.swift in Sources */ = {isa = PBXBuildFile; fileRef = B291D04D26554880009F554A /* ViewController.swift */; };
		B291D05126554880009F554A /* Main.storyboard in Resources */ = {isa = PBXBuildFile; fileRef = B291D04F26554880009F554A /* Main.storyboard */; };
		B291D05326554882009F554A /* Assets.xcassets in Resources */ = {isa = PBXBuildFile; fileRef = B291D05226554882009F554A /* Assets.xcassets */; };
		B291D05626554882009F554A /* LaunchScreen.storyboard in Resources */ = {isa = PBXBuildFile; fileRef = B291D05426554882009F554A /* LaunchScreen.storyboard */; };
		B291D05F26554D10009F554A /* MyFirstCell.swift in Sources */ = {isa = PBXBuildFile; fileRef = B291D05E26554D10009F554A /* MyFirstCell.swift */; };
		B291D06226554D2D009F554A /* MySecondCell.swift in Sources */ = {isa = PBXBuildFile; fileRef = B291D06126554D2D009F554A /* MySecondCell.swift */; };
/* End PBXBuildFile section */

/* Begin PBXFileReference section */
		B291D04626554880009F554A /* TwoTableOneController.app */ = {isa = PBXFileReference; explicitFileType = wrapper.application; includeInIndex = 0; path = TwoTableOneController.app; sourceTree = BUILT_PRODUCTS_DIR; };
		B291D04926554880009F554A /* AppDelegate.swift */ = {isa = PBXFileReference; lastKnownFileType = sourcecode.swift; path = AppDelegate.swift; sourceTree = "<group>"; };
		B291D04B26554880009F554A /* SceneDelegate.swift */ = {isa = PBXFileReference; lastKnownFileType = sourcecode.swift; path = SceneDelegate.swift; sourceTree = "<group>"; };
		B291D04D26554880009F554A /* ViewController.swift */ = {isa = PBXFileReference; lastKnownFileType = sourcecode.swift; path = ViewController.swift; sourceTree = "<group>"; };
		B291D05026554880009F554A /* Base */ = {isa = PBXFileReference; lastKnownFileType = file.storyboard; name = Base; path = Base.lproj/Main.storyboard; sourceTree = "<group>"; };
		B291D05226554882009F554A /* Assets.xcassets */ = {isa = PBXFileReference; lastKnownFileType = folder.assetcatalog; path = Assets.xcassets; sourceTree = "<group>"; };
		B291D05526554882009F554A /* Base */ = {isa = PBXFileReference; lastKnownFileType = file.storyboard; name = Base; path = Base.lproj/LaunchScreen.storyboard; sourceTree = "<group>"; };
		B291D05726554882009F554A /* Info.plist */ = {isa = PBXFileReference; lastKnownFileType = text.plist.xml; path = Info.plist; sourceTree = "<group>"; };
		B291D05E26554D10009F554A /* MyFirstCell.swift */ = {isa = PBXFileReference; lastKnownFileType = sourcecode.swift; path = MyFirstCell.swift; sourceTree = "<group>"; };
		B291D06126554D2D009F554A /* MySecondCell.swift */ = {isa = PBXFileReference; lastKnownFileType = sourcecode.swift; path = MySecondCell.swift; sourceTree = "<group>"; };
/* End PBXFileReference section */

/* Begin PBXFrameworksBuildPhase section */
		B291D04326554880009F554A /* Frameworks */ = {
			isa = PBXFrameworksBuildPhase;
			buildActionMask = 2147483647;
			files = (
			);
			runOnlyForDeploymentPostprocessing = 0;
		};
/* End PBXFrameworksBuildPhase section */

/* Begin PBXGroup section */
		B291D03D26554880009F554A = {
			isa = PBXGroup;
			children = (
				B291D04826554880009F554A /* TwoTableOneController */,
				B291D04726554880009F554A /* Products */,
			);
			sourceTree = "<group>";
		};
		B291D04726554880009F554A /* Products */ = {
			isa = PBXGroup;
			children = (
				B291D04626554880009F554A /* TwoTableOneController.app */,
			);
			name = Products;
			sourceTree = "<group>";
		};
		B291D04826554880009F554A /* TwoTableOneController */ = {
			isa = PBXGroup;
			children = (
				B291D04926554880009F554A /* AppDelegate.swift */,
				B291D04B26554880009F554A /* SceneDelegate.swift */,
				B291D04D26554880009F554A /* ViewController.swift */,
				B291D05E26554D10009F554A /* MyFirstCell.swift */,
				B291D06126554D2D009F554A /* MySecondCell.swift */,
				B291D04F26554880009F554A /* Main.storyboard */,
				B291D05226554882009F554A /* Assets.xcassets */,
				B291D05426554882009F554A /* LaunchScreen.storyboard */,
				B291D05726554882009F554A /* Info.plist */,
			);
			path = TwoTableOneController;
			sourceTree = "<group>";
		};
/* End PBXGroup section */

/* Begin PBXNativeTarget section */
		B291D04526554880009F554A /* TwoTableOneController */ = {
			isa = PBXNativeTarget;
			buildConfigurationList = B291D05A26554882009F554A /* Build configuration list for PBXNativeTarget "TwoTableOneController" */;
			buildPhases = (
				B291D04226554880009F554A /* Sources */,
				B291D04326554880009F554A /* Frameworks */,
				B291D04426554880009F554A /* Resources */,
			);
			buildRules = (
			);
			dependencies = (
			);
			name = TwoTableOneController;
			productName = TwoTableOneController;
			productReference = B291D04626554880009F554A /* TwoTableOneController.app */;
			productType = "com.apple.product-type.application";
		};
/* End PBXNativeTarget section */

/* Begin PBXProject section */
		B291D03E26554880009F554A /* Project object */ = {
			isa = PBXProject;
			attributes = {
				LastSwiftUpdateCheck = 1240;
				LastUpgradeCheck = 1240;
				TargetAttributes = {
					B291D04526554880009F554A = {
						CreatedOnToolsVersion = 12.4;
					};
				};
			};
			buildConfigurationList = B291D04126554880009F554A /* Build configuration list for PBXProject "TwoTableOneController" */;
			compatibilityVersion = "Xcode 9.3";
			developmentRegion = en;
			hasScannedForEncodings = 0;
			knownRegions = (
				en,
				Base,
			);
			mainGroup = B291D03D26554880009F554A;
			productRefGroup = B291D04726554880009F554A /* Products */;
			projectDirPath = "";
			projectRoot = "";
			targets = (
				B291D04526554880009F554A /* TwoTableOneController */,
			);
		};
/* End PBXProject section */

/* Begin PBXResourcesBuildPhase section */
		B291D04426554880009F554A /* Resources */ = {
			isa = PBXResourcesBuildPhase;
			buildActionMask = 2147483647;
			files = (
				B291D05626554882009F554A /* LaunchScreen.storyboard in Resources */,
				B291D05326554882009F554A /* Assets.xcassets in Resources */,
				B291D05126554880009F554A /* Main.storyboard in Resources */,
			);
			runOnlyForDeploymentPostprocessing = 0;
		};
/* End PBXResourcesBuildPhase section */

/* Begin PBXSourcesBuildPhase section */
		B291D04226554880009F554A /* Sources */ = {
			isa = PBXSourcesBuildPhase;
			buildActionMask = 2147483647;
			files = (
				B291D04E26554880009F554A /* ViewController.swift in Sources */,
				B291D04A26554880009F554A /* AppDelegate.swift in Sources */,
				B291D05F26554D10009F554A /* MyFirstCell.swift in Sources */,
				B291D04C26554880009F554A /* SceneDelegate.swift in Sources */,
				B291D06226554D2D009F554A /* MySecondCell.swift in Sources */,
			);
			runOnlyForDeploymentPostprocessing = 0;
		};
/* End PBXSourcesBuildPhase section */

/* Begin PBXVariantGroup section */
		B291D04F26554880009F554A /* Main.storyboard */ = {
			isa = PBXVariantGroup;
			children = (
				B291D05026554880009F554A /* Base */,
			);
			name = Main.storyboard;
			sourceTree = "<group>";
		};
		B291D05426554882009F554A /* LaunchScreen.storyboard */ = {
			isa = PBXVariantGroup;
			children = (
				B291D05526554882009F554A /* Base */,
			);
			name = LaunchScreen.storyboard;
			sourceTree = "<group>";
		};
/* End PBXVariantGroup section */

/* Begin XCBuildConfiguration section */
		B291D05826554882009F554A /* Debug */ = {
			isa = XCBuildConfiguration;
			buildSettings = {
				ALWAYS_SEARCH_USER_PATHS = NO;
				CLANG_ANALYZER_NONNULL = YES;
				CLANG_ANALYZER_NUMBER_OBJECT_CONVERSION = YES_AGGRESSIVE;
				CLANG_CXX_LANGUAGE_STANDARD = "gnu++14";
				CLANG_CXX_LIBRARY = "libc++";
				CLANG_ENABLE_MODULES = YES;
				CLANG_ENABLE_OBJC_ARC = YES;
				CLANG_ENABLE_OBJC_WEAK = YES;
				CLANG_WARN_BLOCK_CAPTURE_AUTORELEASING = YES;
				CLANG_WARN_BOOL_CONVERSION = YES;
				CLANG_WARN_COMMA = YES;
				CLANG_WARN_CONSTANT_CONVERSION = YES;
				CLANG_WARN_DEPRECATED_OBJC_IMPLEMENTATIONS = YES;
				CLANG_WARN_DIRECT_OBJC_ISA_USAGE = YES_ERROR;
				CLANG_WARN_DOCUMENTATION_COMMENTS = YES;
				CLANG_WARN_EMPTY_BODY = YES;
				CLANG_WARN_ENUM_CONVERSION = YES;
				CLANG_WARN_INFINITE_RECURSION = YES;
				CLANG_WARN_INT_CONVERSION = YES;
				CLANG_WARN_NON_LITERAL_NULL_CONVERSION = YES;
				CLANG_WARN_OBJC_IMPLICIT_RETAIN_SELF = YES;
				CLANG_WARN_OBJC_LITERAL_CONVERSION = YES;
				CLANG_WARN_OBJC_ROOT_CLASS = YES_ERROR;
				CLANG_WARN_QUOTED_INCLUDE_IN_FRAMEWORK_HEADER = YES;
				CLANG_WARN_RANGE_LOOP_ANALYSIS = YES;
				CLANG_WARN_STRICT_PROTOTYPES = YES;
				CLANG_WARN_SUSPICIOUS_MOVE = YES;
				CLANG_WARN_UNGUARDED_AVAILABILITY = YES_AGGRESSIVE;
				CLANG_WARN_UNREACHABLE_CODE = YES;
				CLANG_WARN__DUPLICATE_METHOD_MATCH = YES;
				COPY_PHASE_STRIP = NO;
				DEBUG_INFORMATION_FORMAT = dwarf;
				ENABLE_STRICT_OBJC_MSGSEND = YES;
				ENABLE_TESTABILITY = YES;
				GCC_C_LANGUAGE_STANDARD = gnu11;
				GCC_DYNAMIC_NO_PIC = NO;
				GCC_NO_COMMON_BLOCKS = YES;
				GCC_OPTIMIZATION_LEVEL = 0;
				GCC_PREPROCESSOR_DEFINITIONS = (
					"DEBUG=1",
					"$(inherited)",
				);
				GCC_WARN_64_TO_32_BIT_CONVERSION = YES;
				GCC_WARN_ABOUT_RETURN_TYPE = YES_ERROR;
				GCC_WARN_UNDECLARED_SELECTOR = YES;
				GCC_WARN_UNINITIALIZED_AUTOS = YES_AGGRESSIVE;
				GCC_WARN_UNUSED_FUNCTION = YES;
				GCC_WARN_UNUSED_VARIABLE = YES;
				IPHONEOS_DEPLOYMENT_TARGET = 14.4;
				MTL_ENABLE_DEBUG_INFO = INCLUDE_SOURCE;
				MTL_FAST_MATH = YES;
				ONLY_ACTIVE_ARCH = YES;
				SDKROOT = iphoneos;
				SWIFT_ACTIVE_COMPILATION_CONDITIONS = DEBUG;
				SWIFT_OPTIMIZATION_LEVEL = "-Onone";
			};
			name = Debug;
		};
		B291D05926554882009F554A /* Release */ = {
			isa = XCBuildConfiguration;
			buildSettings = {
				ALWAYS_SEARCH_USER_PATHS = NO;
				CLANG_ANALYZER_NONNULL = YES;
				CLANG_ANALYZER_NUMBER_OBJECT_CONVERSION = YES_AGGRESSIVE;
				CLANG_CXX_LANGUAGE_STANDARD = "gnu++14";
				CLANG_CXX_LIBRARY = "libc++";
				CLANG_ENABLE_MODULES = YES;
				CLANG_ENABLE_OBJC_ARC = YES;
				CLANG_ENABLE_OBJC_WEAK = YES;
				CLANG_WARN_BLOCK_CAPTURE_AUTORELEASING = YES;
				CLANG_WARN_BOOL_CONVERSION = YES;
				CLANG_WARN_COMMA = YES;
				CLANG_WARN_CONSTANT_CONVERSION = YES;
				CLANG_WARN_DEPRECATED_OBJC_IMPLEMENTATIONS = YES;
				CLANG_WARN_DIRECT_OBJC_ISA_USAGE = YES_ERROR;
				CLANG_WARN_DOCUMENTATION_COMMENTS = YES;
				CLANG_WARN_EMPTY_BODY = YES;
				CLANG_WARN_ENUM_CONVERSION = YES;
				CLANG_WARN_INFINITE_RECURSION = YES;
				CLANG_WARN_INT_CONVERSION = YES;
				CLANG_WARN_NON_LITERAL_NULL_CONVERSION = YES;
				CLANG_WARN_OBJC_IMPLICIT_RETAIN_SELF = YES;
				CLANG_WARN_OBJC_LITERAL_CONVERSION = YES;
				CLANG_WARN_OBJC_ROOT_CLASS = YES_ERROR;
				CLANG_WARN_QUOTED_INCLUDE_IN_FRAMEWORK_HEADER = YES;
				CLANG_WARN_RANGE_LOOP_ANALYSIS = YES;
				CLANG_WARN_STRICT_PROTOTYPES = YES;
				CLANG_WARN_SUSPICIOUS_MOVE = YES;
				CLANG_WARN_UNGUARDED_AVAILABILITY = YES_AGGRESSIVE;
				CLANG_WARN_UNREACHABLE_CODE = YES;
				CLANG_WARN__DUPLICATE_METHOD_MATCH = YES;
				COPY_PHASE_STRIP = NO;
				DEBUG_INFORMATION_FORMAT = "dwarf-with-dsym";
				ENABLE_NS_ASSERTIONS = NO;
				ENABLE_STRICT_OBJC_MSGSEND = YES;
				GCC_C_LANGUAGE_STANDARD = gnu11;
				GCC_NO_COMMON_BLOCKS = YES;
				GCC_WARN_64_TO_32_BIT_CONVERSION = YES;
				GCC_WARN_ABOUT_RETURN_TYPE = YES_ERROR;
				GCC_WARN_UNDECLARED_SELECTOR = YES;
				GCC_WARN_UNINITIALIZED_AUTOS = YES_AGGRESSIVE;
				GCC_WARN_UNUSED_FUNCTION = YES;
				GCC_WARN_UNUSED_VARIABLE = YES;
				IPHONEOS_DEPLOYMENT_TARGET = 14.4;
				MTL_ENABLE_DEBUG_INFO = NO;
				MTL_FAST_MATH = YES;
				SDKROOT = iphoneos;
				SWIFT_COMPILATION_MODE = wholemodule;
				SWIFT_OPTIMIZATION_LEVEL = "-O";
				VALIDATE_PRODUCT = YES;
			};
			name = Release;
		};
		B291D05B26554882009F554A /* Debug */ = {
			isa = XCBuildConfiguration;
			buildSettings = {
				ASSETCATALOG_COMPILER_APPICON_NAME = AppIcon;
				ASSETCATALOG_COMPILER_GLOBAL_ACCENT_COLOR_NAME = AccentColor;
				CODE_SIGN_STYLE = Automatic;
				INFOPLIST_FILE = TwoTableOneController/Info.plist;
				LD_RUNPATH_SEARCH_PATHS = (
					"$(inherited)",
					"@executable_path/Frameworks",
				);
				PRODUCT_BUNDLE_IDENTIFIER = com.engineering.TwoTableOneController;
				PRODUCT_NAME = "$(TARGET_NAME)";
				SWIFT_VERSION = 5.0;
				TARGETED_DEVICE_FAMILY = "1,2";
			};
			name = Debug;
		};
		B291D05C26554882009F554A /* Release */ = {
			isa = XCBuildConfiguration;
			buildSettings = {
				ASSETCATALOG_COMPILER_APPICON_NAME = AppIcon;
				ASSETCATALOG_COMPILER_GLOBAL_ACCENT_COLOR_NAME = AccentColor;
				CODE_SIGN_STYLE = Automatic;
				INFOPLIST_FILE = TwoTableOneController/Info.plist;
				LD_RUNPATH_SEARCH_PATHS = (
					"$(inherited)",
					"@executable_path/Frameworks",
				);
				PRODUCT_BUNDLE_IDENTIFIER = com.engineering.TwoTableOneController;
				PRODUCT_NAME = "$(TARGET_NAME)";
				SWIFT_VERSION = 5.0;
				TARGETED_DEVICE_FAMILY = "1,2";
			};
			name = Release;
		};
/* End XCBuildConfiguration section */

/* Begin XCConfigurationList section */
		B291D04126554880009F554A /* Build configuration list for PBXProject "TwoTableOneController" */ = {
			isa = XCConfigurationList;
			buildConfigurations = (
				B291D05826554882009F554A /* Debug */,
				B291D05926554882009F554A /* Release */,
			);
			defaultConfigurationIsVisible = 0;
			defaultConfigurationName = Release;
		};
		B291D05A26554882009F554A /* Build configuration list for PBXNativeTarget "TwoTableOneController" */ = {
			isa = XCConfigurationList;
			buildConfigurations = (
				B291D05B26554882009F554A /* Debug */,
				B291D05C26554882009F554A /* Release */,
			);
			defaultConfigurationIsVisible = 0;
			defaultConfigurationName = Release;
		};
/* End XCConfigurationList section */
	};
	rootObject = B291D03E26554880009F554A /* Project object */;
}
